// !$*UTF8*$!
{
	archiveVersion = 1;
	classes = {
	};
	objectVersion = 46;
	objects = {

/* Begin PBXAggregateTarget section */
		B275A7031A0C45A50050510A /* GrowthbeatFramework */ = {
			isa = PBXAggregateTarget;
			buildConfigurationList = B275A7041A0C45A50050510A /* Build configuration list for PBXAggregateTarget "GrowthbeatFramework" */;
			buildPhases = (
				B275A7091A0C45B50050510A /* ShellScript */,
			);
			dependencies = (
				B275A7081A0C45AC0050510A /* PBXTargetDependency */,
			);
			name = GrowthbeatFramework;
			productName = GrowthbeatFramework;
		};
/* End PBXAggregateTarget section */

/* Begin PBXBuildFile section */
		178C32271D167E9000F913CB /* GPBackground.m in Sources */ = {isa = PBXBuildFile; fileRef = 178C31EC1D167E9000F913CB /* GPBackground.m */; };
		178C32281D167E9000F913CB /* GPButton.m in Sources */ = {isa = PBXBuildFile; fileRef = 178C31EE1D167E9000F913CB /* GPButton.m */; };
		178C32291D167E9000F913CB /* GPButtonType.m in Sources */ = {isa = PBXBuildFile; fileRef = 178C31F01D167E9000F913CB /* GPButtonType.m */; };
		178C322A1D167E9000F913CB /* GPClient.m in Sources */ = {isa = PBXBuildFile; fileRef = 178C31F21D167E9000F913CB /* GPClient.m */; };
		178C322B1D167E9000F913CB /* GPCloseButton.m in Sources */ = {isa = PBXBuildFile; fileRef = 178C31F41D167E9000F913CB /* GPCloseButton.m */; };
		178C322C1D167E9000F913CB /* GPEnvironmentUtils.m in Sources */ = {isa = PBXBuildFile; fileRef = 178C31F61D167E9000F913CB /* GPEnvironmentUtils.m */; };
		178C322D1D167E9000F913CB /* GPEvent.m in Sources */ = {isa = PBXBuildFile; fileRef = 178C31F81D167E9000F913CB /* GPEvent.m */; };
		178C322E1D167E9000F913CB /* GPImageButton.m in Sources */ = {isa = PBXBuildFile; fileRef = 178C31FA1D167E9000F913CB /* GPImageButton.m */; };
		178C322F1D167E9000F913CB /* GPCardMessage.m in Sources */ = {isa = PBXBuildFile; fileRef = 178C31FC1D167E9000F913CB /* GPCardMessage.m */; };
		178C32301D167E9000F913CB /* GPCardMessageHandler.m in Sources */ = {isa = PBXBuildFile; fileRef = 178C31FE1D167E9000F913CB /* GPCardMessageHandler.m */; };
		178C32311D167E9000F913CB /* GPCardMessageRenderer.m in Sources */ = {isa = PBXBuildFile; fileRef = 178C32001D167E9000F913CB /* GPCardMessageRenderer.m */; };
		178C32321D167E9000F913CB /* GPMessage.m in Sources */ = {isa = PBXBuildFile; fileRef = 178C32021D167E9000F913CB /* GPMessage.m */; };
		178C32331D167E9000F913CB /* GPMessageOrientation.m in Sources */ = {isa = PBXBuildFile; fileRef = 178C32051D167E9000F913CB /* GPMessageOrientation.m */; };
		178C32341D167E9000F913CB /* GPMessageQueue.m in Sources */ = {isa = PBXBuildFile; fileRef = 178C32071D167E9000F913CB /* GPMessageQueue.m */; };
		178C32351D167E9000F913CB /* GPMessageType.m in Sources */ = {isa = PBXBuildFile; fileRef = 178C320A1D167E9000F913CB /* GPMessageType.m */; };
		178C32361D167E9000F913CB /* GPOS.m in Sources */ = {isa = PBXBuildFile; fileRef = 178C320C1D167E9000F913CB /* GPOS.m */; };
		178C32371D167E9000F913CB /* GPPicture.m in Sources */ = {isa = PBXBuildFile; fileRef = 178C320E1D167E9000F913CB /* GPPicture.m */; };
		178C32381D167E9000F913CB /* GPPlainButton.m in Sources */ = {isa = PBXBuildFile; fileRef = 178C32101D167E9000F913CB /* GPPlainButton.m */; };
		178C32391D167E9000F913CB /* GPPlainMessage.m in Sources */ = {isa = PBXBuildFile; fileRef = 178C32121D167E9000F913CB /* GPPlainMessage.m */; };
		178C323A1D167E9000F913CB /* GPPlainMessageHandler.m in Sources */ = {isa = PBXBuildFile; fileRef = 178C32141D167E9000F913CB /* GPPlainMessageHandler.m */; };
		178C323B1D167E9000F913CB /* GPScreenButton.m in Sources */ = {isa = PBXBuildFile; fileRef = 178C32161D167E9000F913CB /* GPScreenButton.m */; };
		178C323C1D167E9000F913CB /* GPSwipeImages.m in Sources */ = {isa = PBXBuildFile; fileRef = 178C32181D167E9000F913CB /* GPSwipeImages.m */; };
		178C323D1D167E9000F913CB /* GPSwipeMessage.m in Sources */ = {isa = PBXBuildFile; fileRef = 178C321A1D167E9000F913CB /* GPSwipeMessage.m */; };
		178C323E1D167E9000F913CB /* GPSwipeMessageHandler.m in Sources */ = {isa = PBXBuildFile; fileRef = 178C321C1D167E9000F913CB /* GPSwipeMessageHandler.m */; };
		178C323F1D167E9000F913CB /* GPSwipeMessageRenderer.m in Sources */ = {isa = PBXBuildFile; fileRef = 178C321E1D167E9000F913CB /* GPSwipeMessageRenderer.m */; };
		178C32401D167E9000F913CB /* GPSwipeMessageType.m in Sources */ = {isa = PBXBuildFile; fileRef = 178C32201D167E9000F913CB /* GPSwipeMessageType.m */; };
		178C32411D167E9000F913CB /* GPTag.m in Sources */ = {isa = PBXBuildFile; fileRef = 178C32221D167E9000F913CB /* GPTag.m */; };
		178C32421D167E9000F913CB /* GPTask.m in Sources */ = {isa = PBXBuildFile; fileRef = 178C32241D167E9000F913CB /* GPTask.m */; };
		178C32431D167E9000F913CB /* GrowthPush.m in Sources */ = {isa = PBXBuildFile; fileRef = 178C32261D167E9000F913CB /* GrowthPush.m */; };
		17BA62711D1FDB1A00BBFE69 /* GPNoContentMessage.m in Sources */ = {isa = PBXBuildFile; fileRef = 17BA62701D1FDB1A00BBFE69 /* GPNoContentMessage.m */; };
		69989B8B1D18E1B1006B0EFE /* GPBackground.h in CopyFiles */ = {isa = PBXBuildFile; fileRef = 178C31EB1D167E9000F913CB /* GPBackground.h */; };
		69989B8C1D18E1B1006B0EFE /* GPButton.h in CopyFiles */ = {isa = PBXBuildFile; fileRef = 178C31ED1D167E9000F913CB /* GPButton.h */; };
		69989B8D1D18E1B1006B0EFE /* GPButtonType.h in CopyFiles */ = {isa = PBXBuildFile; fileRef = 178C31EF1D167E9000F913CB /* GPButtonType.h */; };
		69989B8E1D18E1B1006B0EFE /* GPClient.h in CopyFiles */ = {isa = PBXBuildFile; fileRef = 178C31F11D167E9000F913CB /* GPClient.h */; };
		69989B8F1D18E1B1006B0EFE /* GPCloseButton.h in CopyFiles */ = {isa = PBXBuildFile; fileRef = 178C31F31D167E9000F913CB /* GPCloseButton.h */; };
		69989B901D18E1B1006B0EFE /* GPEnvironment.h in CopyFiles */ = {isa = PBXBuildFile; fileRef = 178C31F51D167E9000F913CB /* GPEnvironment.h */; };
		69989B911D18E1B1006B0EFE /* GPEvent.h in CopyFiles */ = {isa = PBXBuildFile; fileRef = 178C31F71D167E9000F913CB /* GPEvent.h */; };
		69989B921D18E1B1006B0EFE /* GPImageButton.h in CopyFiles */ = {isa = PBXBuildFile; fileRef = 178C31F91D167E9000F913CB /* GPImageButton.h */; };
		69989B931D18E1B1006B0EFE /* GPCardMessage.h in CopyFiles */ = {isa = PBXBuildFile; fileRef = 178C31FB1D167E9000F913CB /* GPCardMessage.h */; };
		69989B941D18E1B1006B0EFE /* GPCardMessageHandler.h in CopyFiles */ = {isa = PBXBuildFile; fileRef = 178C31FD1D167E9000F913CB /* GPCardMessageHandler.h */; };
		69989B951D18E1B1006B0EFE /* GPCardMessageRenderer.h in CopyFiles */ = {isa = PBXBuildFile; fileRef = 178C31FF1D167E9000F913CB /* GPCardMessageRenderer.h */; };
		69989B961D18E1B1006B0EFE /* GPMessage.h in CopyFiles */ = {isa = PBXBuildFile; fileRef = 178C32011D167E9000F913CB /* GPMessage.h */; };
		69989B971D18E1B1006B0EFE /* GPMessageHandler.h in CopyFiles */ = {isa = PBXBuildFile; fileRef = 178C32031D167E9000F913CB /* GPMessageHandler.h */; };
		69989B981D18E1B1006B0EFE /* GPMessageOrientation.h in CopyFiles */ = {isa = PBXBuildFile; fileRef = 178C32041D167E9000F913CB /* GPMessageOrientation.h */; };
		69989B991D18E1B1006B0EFE /* GPMessageQueue.h in CopyFiles */ = {isa = PBXBuildFile; fileRef = 178C32061D167E9000F913CB /* GPMessageQueue.h */; };
		69989B9A1D18E1B1006B0EFE /* GPMessageRendererDelegate.h in CopyFiles */ = {isa = PBXBuildFile; fileRef = 178C32081D167E9000F913CB /* GPMessageRendererDelegate.h */; };
		69989B9B1D18E1B1006B0EFE /* GPMessageType.h in CopyFiles */ = {isa = PBXBuildFile; fileRef = 178C32091D167E9000F913CB /* GPMessageType.h */; };
		69989B9C1D18E1B1006B0EFE /* GPOS.h in CopyFiles */ = {isa = PBXBuildFile; fileRef = 178C320B1D167E9000F913CB /* GPOS.h */; };
		69989B9D1D18E1B1006B0EFE /* GPPicture.h in CopyFiles */ = {isa = PBXBuildFile; fileRef = 178C320D1D167E9000F913CB /* GPPicture.h */; };
		69989B9E1D18E1B1006B0EFE /* GPPlainButton.h in CopyFiles */ = {isa = PBXBuildFile; fileRef = 178C320F1D167E9000F913CB /* GPPlainButton.h */; };
		69989B9F1D18E1B1006B0EFE /* GPPlainMessage.h in CopyFiles */ = {isa = PBXBuildFile; fileRef = 178C32111D167E9000F913CB /* GPPlainMessage.h */; };
		69989BA01D18E1B1006B0EFE /* GPPlainMessageHandler.h in CopyFiles */ = {isa = PBXBuildFile; fileRef = 178C32131D167E9000F913CB /* GPPlainMessageHandler.h */; };
		69989BA11D18E1B1006B0EFE /* GPScreenButton.h in CopyFiles */ = {isa = PBXBuildFile; fileRef = 178C32151D167E9000F913CB /* GPScreenButton.h */; };
		69989BA21D18E1B1006B0EFE /* GPSwipeImages.h in CopyFiles */ = {isa = PBXBuildFile; fileRef = 178C32171D167E9000F913CB /* GPSwipeImages.h */; };
		69989BA31D18E1B1006B0EFE /* GPSwipeMessage.h in CopyFiles */ = {isa = PBXBuildFile; fileRef = 178C32191D167E9000F913CB /* GPSwipeMessage.h */; };
		69989BA41D18E1B1006B0EFE /* GPSwipeMessageHandler.h in CopyFiles */ = {isa = PBXBuildFile; fileRef = 178C321B1D167E9000F913CB /* GPSwipeMessageHandler.h */; };
		69989BA51D18E1B1006B0EFE /* GPSwipeMessageRenderer.h in CopyFiles */ = {isa = PBXBuildFile; fileRef = 178C321D1D167E9000F913CB /* GPSwipeMessageRenderer.h */; };
		69989BA61D18E1B1006B0EFE /* GPSwipeMessageType.h in CopyFiles */ = {isa = PBXBuildFile; fileRef = 178C321F1D167E9000F913CB /* GPSwipeMessageType.h */; };
		69989BA71D18E1B1006B0EFE /* GPTag.h in CopyFiles */ = {isa = PBXBuildFile; fileRef = 178C32211D167E9000F913CB /* GPTag.h */; };
		69989BA81D18E1B1006B0EFE /* GPTask.h in CopyFiles */ = {isa = PBXBuildFile; fileRef = 178C32231D167E9000F913CB /* GPTask.h */; };
		69989BA91D18E1B1006B0EFE /* GrowthPush.h in CopyFiles */ = {isa = PBXBuildFile; fileRef = 178C32251D167E9000F913CB /* GrowthPush.h */; };
		69989BAC1D18E230006B0EFE /* GPShowMessageHandler.m in Sources */ = {isa = PBXBuildFile; fileRef = 69989BAB1D18E230006B0EFE /* GPShowMessageHandler.m */; };
		69989BAD1D18E241006B0EFE /* GPShowMessageHandler.h in CopyFiles */ = {isa = PBXBuildFile; fileRef = 69989BAA1D18E230006B0EFE /* GPShowMessageHandler.h */; };
		69989D3D1D190CCB006B0EFE /* GPTagType.m in Sources */ = {isa = PBXBuildFile; fileRef = 69989D3C1D190CCB006B0EFE /* GPTagType.m */; };
		69989D3E1D190D02006B0EFE /* GPTagType.h in CopyFiles */ = {isa = PBXBuildFile; fileRef = 69989D3B1D190CCB006B0EFE /* GPTagType.h */; };
		69989D411D1914A0006B0EFE /* GPEventType.m in Sources */ = {isa = PBXBuildFile; fileRef = 69989D401D1914A0006B0EFE /* GPEventType.m */; };
		69989D791D1A23D9006B0EFE /* GBAppDelegateWrapper.m in Sources */ = {isa = PBXBuildFile; fileRef = 69989D431D1A23D9006B0EFE /* GBAppDelegateWrapper.m */; };
		69989D7A1D1A23D9006B0EFE /* GBApplication.m in Sources */ = {isa = PBXBuildFile; fileRef = 69989D461D1A23D9006B0EFE /* GBApplication.m */; };
		69989D7B1D1A23D9006B0EFE /* GBClient.m in Sources */ = {isa = PBXBuildFile; fileRef = 69989D481D1A23D9006B0EFE /* GBClient.m */; };
		69989D7C1D1A23D9006B0EFE /* GBContentType.m in Sources */ = {isa = PBXBuildFile; fileRef = 69989D4A1D1A23D9006B0EFE /* GBContentType.m */; };
		69989D7D1D1A23D9006B0EFE /* GBCustomIntent.m in Sources */ = {isa = PBXBuildFile; fileRef = 69989D4C1D1A23D9006B0EFE /* GBCustomIntent.m */; };
		69989D7E1D1A23D9006B0EFE /* GBCustomIntentHandler.m in Sources */ = {isa = PBXBuildFile; fileRef = 69989D4E1D1A23D9006B0EFE /* GBCustomIntentHandler.m */; };
		69989D7F1D1A23DA006B0EFE /* GBDateUtils.m in Sources */ = {isa = PBXBuildFile; fileRef = 69989D501D1A23D9006B0EFE /* GBDateUtils.m */; };
		69989D801D1A23DA006B0EFE /* GBDeviceUtils.m in Sources */ = {isa = PBXBuildFile; fileRef = 69989D521D1A23D9006B0EFE /* GBDeviceUtils.m */; };
		69989D811D1A23DA006B0EFE /* GBDomain.m in Sources */ = {isa = PBXBuildFile; fileRef = 69989D541D1A23D9006B0EFE /* GBDomain.m */; };
		69989D821D1A23DA006B0EFE /* GBGPClient.m in Sources */ = {isa = PBXBuildFile; fileRef = 69989D561D1A23D9006B0EFE /* GBGPClient.m */; };
		69989D831D1A23DA006B0EFE /* GBHttpClient.m in Sources */ = {isa = PBXBuildFile; fileRef = 69989D581D1A23D9006B0EFE /* GBHttpClient.m */; };
		69989D841D1A23DA006B0EFE /* GBHttpRequest.m in Sources */ = {isa = PBXBuildFile; fileRef = 69989D5A1D1A23D9006B0EFE /* GBHttpRequest.m */; };
		69989D851D1A23DA006B0EFE /* GBHttpResponse.m in Sources */ = {isa = PBXBuildFile; fileRef = 69989D5C1D1A23D9006B0EFE /* GBHttpResponse.m */; };
		69989D861D1A23DA006B0EFE /* GBHttpUtils.m in Sources */ = {isa = PBXBuildFile; fileRef = 69989D5E1D1A23D9006B0EFE /* GBHttpUtils.m */; };
		69989D871D1A23DA006B0EFE /* GBIntent.m in Sources */ = {isa = PBXBuildFile; fileRef = 69989D601D1A23D9006B0EFE /* GBIntent.m */; };
		69989D881D1A23DA006B0EFE /* GBIntentType.m in Sources */ = {isa = PBXBuildFile; fileRef = 69989D631D1A23D9006B0EFE /* GBIntentType.m */; };
		69989D891D1A23DA006B0EFE /* GBLogger.m in Sources */ = {isa = PBXBuildFile; fileRef = 69989D651D1A23D9006B0EFE /* GBLogger.m */; };
		69989D8A1D1A23DA006B0EFE /* GBMultipartFile.m in Sources */ = {isa = PBXBuildFile; fileRef = 69989D671D1A23D9006B0EFE /* GBMultipartFile.m */; };
		69989D8B1D1A23DA006B0EFE /* GBNoopIntent.m in Sources */ = {isa = PBXBuildFile; fileRef = 69989D691D1A23D9006B0EFE /* GBNoopIntent.m */; };
		69989D8C1D1A23DA006B0EFE /* GBNoopIntentHandler.m in Sources */ = {isa = PBXBuildFile; fileRef = 69989D6B1D1A23D9006B0EFE /* GBNoopIntentHandler.m */; };
		69989D8D1D1A23DA006B0EFE /* GBPreference.m in Sources */ = {isa = PBXBuildFile; fileRef = 69989D6D1D1A23D9006B0EFE /* GBPreference.m */; };
		69989D8E1D1A23DA006B0EFE /* GBRequestMethod.m in Sources */ = {isa = PBXBuildFile; fileRef = 69989D6F1D1A23D9006B0EFE /* GBRequestMethod.m */; };
		69989D8F1D1A23DA006B0EFE /* GBUrlIntent.m in Sources */ = {isa = PBXBuildFile; fileRef = 69989D711D1A23D9006B0EFE /* GBUrlIntent.m */; };
		69989D901D1A23DA006B0EFE /* GBUrlIntentHandler.m in Sources */ = {isa = PBXBuildFile; fileRef = 69989D731D1A23D9006B0EFE /* GBUrlIntentHandler.m */; };
		69989D911D1A23DA006B0EFE /* GBViewUtils.m in Sources */ = {isa = PBXBuildFile; fileRef = 69989D761D1A23D9006B0EFE /* GBViewUtils.m */; };
		69989D921D1A23DA006B0EFE /* Growthbeat.m in Sources */ = {isa = PBXBuildFile; fileRef = 69989D781D1A23D9006B0EFE /* Growthbeat.m */; };
		69989D931D1A240E006B0EFE /* GBAppDelegateWrapper.h in CopyFiles */ = {isa = PBXBuildFile; fileRef = 69989D421D1A23D9006B0EFE /* GBAppDelegateWrapper.h */; };
		69989D941D1A241E006B0EFE /* GBAppDelegateWrapperDelegate.h in CopyFiles */ = {isa = PBXBuildFile; fileRef = 69989D441D1A23D9006B0EFE /* GBAppDelegateWrapperDelegate.h */; };
		69989D951D1A241E006B0EFE /* GBApplication.h in CopyFiles */ = {isa = PBXBuildFile; fileRef = 69989D451D1A23D9006B0EFE /* GBApplication.h */; };
		69989D961D1A241E006B0EFE /* GBClient.h in CopyFiles */ = {isa = PBXBuildFile; fileRef = 69989D471D1A23D9006B0EFE /* GBClient.h */; };
		69989D971D1A241E006B0EFE /* GBContentType.h in CopyFiles */ = {isa = PBXBuildFile; fileRef = 69989D491D1A23D9006B0EFE /* GBContentType.h */; };
		69989D981D1A241E006B0EFE /* GBCustomIntent.h in CopyFiles */ = {isa = PBXBuildFile; fileRef = 69989D4B1D1A23D9006B0EFE /* GBCustomIntent.h */; };
		69989D991D1A241E006B0EFE /* GBCustomIntentHandler.h in CopyFiles */ = {isa = PBXBuildFile; fileRef = 69989D4D1D1A23D9006B0EFE /* GBCustomIntentHandler.h */; };
		69989D9A1D1A241E006B0EFE /* GBDateUtils.h in CopyFiles */ = {isa = PBXBuildFile; fileRef = 69989D4F1D1A23D9006B0EFE /* GBDateUtils.h */; };
		69989D9B1D1A241E006B0EFE /* GBDeviceUtils.h in CopyFiles */ = {isa = PBXBuildFile; fileRef = 69989D511D1A23D9006B0EFE /* GBDeviceUtils.h */; };
		69989D9C1D1A241E006B0EFE /* GBDomain.h in CopyFiles */ = {isa = PBXBuildFile; fileRef = 69989D531D1A23D9006B0EFE /* GBDomain.h */; };
		69989D9D1D1A241E006B0EFE /* GBGPClient.h in CopyFiles */ = {isa = PBXBuildFile; fileRef = 69989D551D1A23D9006B0EFE /* GBGPClient.h */; };
		69989D9E1D1A241E006B0EFE /* GBHttpClient.h in CopyFiles */ = {isa = PBXBuildFile; fileRef = 69989D571D1A23D9006B0EFE /* GBHttpClient.h */; };
		69989D9F1D1A241E006B0EFE /* GBHttpRequest.h in CopyFiles */ = {isa = PBXBuildFile; fileRef = 69989D591D1A23D9006B0EFE /* GBHttpRequest.h */; };
		69989DA01D1A241E006B0EFE /* GBHttpResponse.h in CopyFiles */ = {isa = PBXBuildFile; fileRef = 69989D5B1D1A23D9006B0EFE /* GBHttpResponse.h */; };
		69989DA11D1A241E006B0EFE /* GBHttpUtils.h in CopyFiles */ = {isa = PBXBuildFile; fileRef = 69989D5D1D1A23D9006B0EFE /* GBHttpUtils.h */; };
		69989DA21D1A241E006B0EFE /* GBIntent.h in CopyFiles */ = {isa = PBXBuildFile; fileRef = 69989D5F1D1A23D9006B0EFE /* GBIntent.h */; };
		69989DA31D1A241E006B0EFE /* GBIntentHandler.h in CopyFiles */ = {isa = PBXBuildFile; fileRef = 69989D611D1A23D9006B0EFE /* GBIntentHandler.h */; };
		69989DA41D1A241E006B0EFE /* GBIntentType.h in CopyFiles */ = {isa = PBXBuildFile; fileRef = 69989D621D1A23D9006B0EFE /* GBIntentType.h */; };
		69989DA51D1A241E006B0EFE /* GBLogger.h in CopyFiles */ = {isa = PBXBuildFile; fileRef = 69989D641D1A23D9006B0EFE /* GBLogger.h */; };
		69989DA61D1A241E006B0EFE /* GBMultipartFile.h in CopyFiles */ = {isa = PBXBuildFile; fileRef = 69989D661D1A23D9006B0EFE /* GBMultipartFile.h */; };
		69989DA71D1A241E006B0EFE /* GBNoopIntent.h in CopyFiles */ = {isa = PBXBuildFile; fileRef = 69989D681D1A23D9006B0EFE /* GBNoopIntent.h */; };
		69989DA81D1A241E006B0EFE /* GBNoopIntentHandler.h in CopyFiles */ = {isa = PBXBuildFile; fileRef = 69989D6A1D1A23D9006B0EFE /* GBNoopIntentHandler.h */; };
		69989DA91D1A241E006B0EFE /* GBPreference.h in CopyFiles */ = {isa = PBXBuildFile; fileRef = 69989D6C1D1A23D9006B0EFE /* GBPreference.h */; };
		69989DAA1D1A241E006B0EFE /* GBRequestMethod.h in CopyFiles */ = {isa = PBXBuildFile; fileRef = 69989D6E1D1A23D9006B0EFE /* GBRequestMethod.h */; };
		69989DAB1D1A241E006B0EFE /* GBUrlIntent.h in CopyFiles */ = {isa = PBXBuildFile; fileRef = 69989D701D1A23D9006B0EFE /* GBUrlIntent.h */; };
		69989DAC1D1A241E006B0EFE /* GBUrlIntentHandler.h in CopyFiles */ = {isa = PBXBuildFile; fileRef = 69989D721D1A23D9006B0EFE /* GBUrlIntentHandler.h */; };
		69989DAD1D1A241E006B0EFE /* GBUtils.h in CopyFiles */ = {isa = PBXBuildFile; fileRef = 69989D741D1A23D9006B0EFE /* GBUtils.h */; };
		69989DAE1D1A241E006B0EFE /* GBViewUtils.h in CopyFiles */ = {isa = PBXBuildFile; fileRef = 69989D751D1A23D9006B0EFE /* GBViewUtils.h */; };
		69989DAF1D1A241E006B0EFE /* Growthbeat.h in CopyFiles */ = {isa = PBXBuildFile; fileRef = 69989D771D1A23D9006B0EFE /* Growthbeat.h */; };
		69989DB01D1A242B006B0EFE /* GPEventType.h in CopyFiles */ = {isa = PBXBuildFile; fileRef = 69989D3F1D1914A0006B0EFE /* GPEventType.h */; };
		C165AE471CFBC3940078D38C /* GLClick.h in CopyFiles */ = {isa = PBXBuildFile; fileRef = C165AE3B1CFBC3730078D38C /* GLClick.h */; };
		C165AE481CFBC3940078D38C /* GLLink.h in CopyFiles */ = {isa = PBXBuildFile; fileRef = C165AE3D1CFBC3730078D38C /* GLLink.h */; };
		C165AE491CFBC3940078D38C /* GLPattern.h in CopyFiles */ = {isa = PBXBuildFile; fileRef = C165AE3F1CFBC3730078D38C /* GLPattern.h */; };
		C165AE4A1CFBC3940078D38C /* GLSynchronization.h in CopyFiles */ = {isa = PBXBuildFile; fileRef = C165AE411CFBC3730078D38C /* GLSynchronization.h */; };
		C165AE4B1CFBC3940078D38C /* GLSynchronizationHandler.h in CopyFiles */ = {isa = PBXBuildFile; fileRef = C165AE431CFBC3730078D38C /* GLSynchronizationHandler.h */; };
		C165AE4C1CFBC3940078D38C /* GrowthLink.h in CopyFiles */ = {isa = PBXBuildFile; fileRef = C165AE451CFBC3730078D38C /* GrowthLink.h */; };
		C165AE4D1CFBC3A20078D38C /* GLClick.m in Sources */ = {isa = PBXBuildFile; fileRef = C165AE3C1CFBC3730078D38C /* GLClick.m */; };
		C165AE4E1CFBC3A20078D38C /* GLLink.m in Sources */ = {isa = PBXBuildFile; fileRef = C165AE3E1CFBC3730078D38C /* GLLink.m */; };
		C165AE4F1CFBC3A20078D38C /* GLPattern.m in Sources */ = {isa = PBXBuildFile; fileRef = C165AE401CFBC3730078D38C /* GLPattern.m */; };
		C165AE501CFBC3A20078D38C /* GLSynchronization.m in Sources */ = {isa = PBXBuildFile; fileRef = C165AE421CFBC3730078D38C /* GLSynchronization.m */; };
		C165AE511CFBC3A20078D38C /* GLSynchronizationHandler.m in Sources */ = {isa = PBXBuildFile; fileRef = C165AE441CFBC3730078D38C /* GLSynchronizationHandler.m */; };
		C165AE521CFBC3A20078D38C /* GrowthLink.m in Sources */ = {isa = PBXBuildFile; fileRef = C165AE461CFBC3730078D38C /* GrowthLink.m */; };
/* End PBXBuildFile section */

/* Begin PBXContainerItemProxy section */
		B275A7071A0C45AC0050510A /* PBXContainerItemProxy */ = {
			isa = PBXContainerItemProxy;
			containerPortal = B2ED140F1A0C451E0078F6BC /* Project object */;
			proxyType = 1;
			remoteGlobalIDString = B2ED14161A0C451E0078F6BC;
			remoteInfo = Growthbeat;
		};
/* End PBXContainerItemProxy section */

/* Begin PBXCopyFilesBuildPhase section */
		B2ED14151A0C451E0078F6BC /* CopyFiles */ = {
			isa = PBXCopyFilesBuildPhase;
			buildActionMask = 2147483647;
			dstPath = "include/$(PRODUCT_NAME)";
			dstSubfolderSpec = 16;
			files = (
				69989DB01D1A242B006B0EFE /* GPEventType.h in CopyFiles */,
				69989D941D1A241E006B0EFE /* GBAppDelegateWrapperDelegate.h in CopyFiles */,
				69989D951D1A241E006B0EFE /* GBApplication.h in CopyFiles */,
				69989D961D1A241E006B0EFE /* GBClient.h in CopyFiles */,
				69989D971D1A241E006B0EFE /* GBContentType.h in CopyFiles */,
				69989D981D1A241E006B0EFE /* GBCustomIntent.h in CopyFiles */,
				69989D991D1A241E006B0EFE /* GBCustomIntentHandler.h in CopyFiles */,
				69989D9A1D1A241E006B0EFE /* GBDateUtils.h in CopyFiles */,
				69989D9B1D1A241E006B0EFE /* GBDeviceUtils.h in CopyFiles */,
				69989D9C1D1A241E006B0EFE /* GBDomain.h in CopyFiles */,
				69989D9D1D1A241E006B0EFE /* GBGPClient.h in CopyFiles */,
				69989D9E1D1A241E006B0EFE /* GBHttpClient.h in CopyFiles */,
				69989D9F1D1A241E006B0EFE /* GBHttpRequest.h in CopyFiles */,
				69989DA01D1A241E006B0EFE /* GBHttpResponse.h in CopyFiles */,
				69989DA11D1A241E006B0EFE /* GBHttpUtils.h in CopyFiles */,
				69989DA21D1A241E006B0EFE /* GBIntent.h in CopyFiles */,
				69989DA31D1A241E006B0EFE /* GBIntentHandler.h in CopyFiles */,
				69989DA41D1A241E006B0EFE /* GBIntentType.h in CopyFiles */,
				69989DA51D1A241E006B0EFE /* GBLogger.h in CopyFiles */,
				69989DA61D1A241E006B0EFE /* GBMultipartFile.h in CopyFiles */,
				69989DA71D1A241E006B0EFE /* GBNoopIntent.h in CopyFiles */,
				69989DA81D1A241E006B0EFE /* GBNoopIntentHandler.h in CopyFiles */,
				69989DA91D1A241E006B0EFE /* GBPreference.h in CopyFiles */,
				69989DAA1D1A241E006B0EFE /* GBRequestMethod.h in CopyFiles */,
				69989DAB1D1A241E006B0EFE /* GBUrlIntent.h in CopyFiles */,
				69989DAC1D1A241E006B0EFE /* GBUrlIntentHandler.h in CopyFiles */,
				69989DAD1D1A241E006B0EFE /* GBUtils.h in CopyFiles */,
				69989DAE1D1A241E006B0EFE /* GBViewUtils.h in CopyFiles */,
				69989DAF1D1A241E006B0EFE /* Growthbeat.h in CopyFiles */,
				69989D931D1A240E006B0EFE /* GBAppDelegateWrapper.h in CopyFiles */,
				69989D3E1D190D02006B0EFE /* GPTagType.h in CopyFiles */,
				69989BAD1D18E241006B0EFE /* GPShowMessageHandler.h in CopyFiles */,
				69989B8B1D18E1B1006B0EFE /* GPBackground.h in CopyFiles */,
				69989B8C1D18E1B1006B0EFE /* GPButton.h in CopyFiles */,
				69989B8D1D18E1B1006B0EFE /* GPButtonType.h in CopyFiles */,
				69989B8E1D18E1B1006B0EFE /* GPClient.h in CopyFiles */,
				69989B8F1D18E1B1006B0EFE /* GPCloseButton.h in CopyFiles */,
				69989B901D18E1B1006B0EFE /* GPEnvironment.h in CopyFiles */,
				69989B911D18E1B1006B0EFE /* GPEvent.h in CopyFiles */,
				69989B921D18E1B1006B0EFE /* GPImageButton.h in CopyFiles */,
				69989B931D18E1B1006B0EFE /* GPCardMessage.h in CopyFiles */,
				69989B941D18E1B1006B0EFE /* GPCardMessageHandler.h in CopyFiles */,
				69989B951D18E1B1006B0EFE /* GPCardMessageRenderer.h in CopyFiles */,
				69989B961D18E1B1006B0EFE /* GPMessage.h in CopyFiles */,
				69989B971D18E1B1006B0EFE /* GPMessageHandler.h in CopyFiles */,
				69989B981D18E1B1006B0EFE /* GPMessageOrientation.h in CopyFiles */,
				69989B991D18E1B1006B0EFE /* GPMessageQueue.h in CopyFiles */,
				69989B9A1D18E1B1006B0EFE /* GPMessageRendererDelegate.h in CopyFiles */,
				69989B9B1D18E1B1006B0EFE /* GPMessageType.h in CopyFiles */,
				69989B9C1D18E1B1006B0EFE /* GPOS.h in CopyFiles */,
				69989B9D1D18E1B1006B0EFE /* GPPicture.h in CopyFiles */,
				69989B9E1D18E1B1006B0EFE /* GPPlainButton.h in CopyFiles */,
				69989B9F1D18E1B1006B0EFE /* GPPlainMessage.h in CopyFiles */,
				69989BA01D18E1B1006B0EFE /* GPPlainMessageHandler.h in CopyFiles */,
				69989BA11D18E1B1006B0EFE /* GPScreenButton.h in CopyFiles */,
				69989BA21D18E1B1006B0EFE /* GPSwipeImages.h in CopyFiles */,
				69989BA31D18E1B1006B0EFE /* GPSwipeMessage.h in CopyFiles */,
				69989BA41D18E1B1006B0EFE /* GPSwipeMessageHandler.h in CopyFiles */,
				69989BA51D18E1B1006B0EFE /* GPSwipeMessageRenderer.h in CopyFiles */,
				69989BA61D18E1B1006B0EFE /* GPSwipeMessageType.h in CopyFiles */,
				69989BA71D18E1B1006B0EFE /* GPTag.h in CopyFiles */,
				69989BA81D18E1B1006B0EFE /* GPTask.h in CopyFiles */,
				69989BA91D18E1B1006B0EFE /* GrowthPush.h in CopyFiles */,
				C165AE471CFBC3940078D38C /* GLClick.h in CopyFiles */,
				C165AE481CFBC3940078D38C /* GLLink.h in CopyFiles */,
				C165AE491CFBC3940078D38C /* GLPattern.h in CopyFiles */,
				C165AE4A1CFBC3940078D38C /* GLSynchronization.h in CopyFiles */,
				C165AE4B1CFBC3940078D38C /* GLSynchronizationHandler.h in CopyFiles */,
				C165AE4C1CFBC3940078D38C /* GrowthLink.h in CopyFiles */,
			);
			runOnlyForDeploymentPostprocessing = 0;
		};
/* End PBXCopyFilesBuildPhase section */

/* Begin PBXFileReference section */
		178C31EB1D167E9000F913CB /* GPBackground.h */ = {isa = PBXFileReference; fileEncoding = 4; lastKnownFileType = sourcecode.c.h; path = GPBackground.h; sourceTree = "<group>"; };
		178C31EC1D167E9000F913CB /* GPBackground.m */ = {isa = PBXFileReference; fileEncoding = 4; lastKnownFileType = sourcecode.c.objc; path = GPBackground.m; sourceTree = "<group>"; };
		178C31ED1D167E9000F913CB /* GPButton.h */ = {isa = PBXFileReference; fileEncoding = 4; lastKnownFileType = sourcecode.c.h; path = GPButton.h; sourceTree = "<group>"; };
		178C31EE1D167E9000F913CB /* GPButton.m */ = {isa = PBXFileReference; fileEncoding = 4; lastKnownFileType = sourcecode.c.objc; path = GPButton.m; sourceTree = "<group>"; };
		178C31EF1D167E9000F913CB /* GPButtonType.h */ = {isa = PBXFileReference; fileEncoding = 4; lastKnownFileType = sourcecode.c.h; path = GPButtonType.h; sourceTree = "<group>"; };
		178C31F01D167E9000F913CB /* GPButtonType.m */ = {isa = PBXFileReference; fileEncoding = 4; lastKnownFileType = sourcecode.c.objc; path = GPButtonType.m; sourceTree = "<group>"; };
		178C31F11D167E9000F913CB /* GPClient.h */ = {isa = PBXFileReference; fileEncoding = 4; lastKnownFileType = sourcecode.c.h; path = GPClient.h; sourceTree = "<group>"; };
		178C31F21D167E9000F913CB /* GPClient.m */ = {isa = PBXFileReference; fileEncoding = 4; lastKnownFileType = sourcecode.c.objc; path = GPClient.m; sourceTree = "<group>"; };
		178C31F31D167E9000F913CB /* GPCloseButton.h */ = {isa = PBXFileReference; fileEncoding = 4; lastKnownFileType = sourcecode.c.h; path = GPCloseButton.h; sourceTree = "<group>"; };
		178C31F41D167E9000F913CB /* GPCloseButton.m */ = {isa = PBXFileReference; fileEncoding = 4; lastKnownFileType = sourcecode.c.objc; path = GPCloseButton.m; sourceTree = "<group>"; };
		178C31F51D167E9000F913CB /* GPEnvironment.h */ = {isa = PBXFileReference; fileEncoding = 4; lastKnownFileType = sourcecode.c.h; path = GPEnvironment.h; sourceTree = "<group>"; };
		178C31F61D167E9000F913CB /* GPEnvironmentUtils.m */ = {isa = PBXFileReference; fileEncoding = 4; lastKnownFileType = sourcecode.c.objc; path = GPEnvironmentUtils.m; sourceTree = "<group>"; };
		178C31F71D167E9000F913CB /* GPEvent.h */ = {isa = PBXFileReference; fileEncoding = 4; lastKnownFileType = sourcecode.c.h; path = GPEvent.h; sourceTree = "<group>"; };
		178C31F81D167E9000F913CB /* GPEvent.m */ = {isa = PBXFileReference; fileEncoding = 4; lastKnownFileType = sourcecode.c.objc; path = GPEvent.m; sourceTree = "<group>"; };
		178C31F91D167E9000F913CB /* GPImageButton.h */ = {isa = PBXFileReference; fileEncoding = 4; lastKnownFileType = sourcecode.c.h; path = GPImageButton.h; sourceTree = "<group>"; };
		178C31FA1D167E9000F913CB /* GPImageButton.m */ = {isa = PBXFileReference; fileEncoding = 4; lastKnownFileType = sourcecode.c.objc; path = GPImageButton.m; sourceTree = "<group>"; };
		178C31FB1D167E9000F913CB /* GPCardMessage.h */ = {isa = PBXFileReference; fileEncoding = 4; lastKnownFileType = sourcecode.c.h; path = GPCardMessage.h; sourceTree = "<group>"; };
		178C31FC1D167E9000F913CB /* GPCardMessage.m */ = {isa = PBXFileReference; fileEncoding = 4; lastKnownFileType = sourcecode.c.objc; path = GPCardMessage.m; sourceTree = "<group>"; };
		178C31FD1D167E9000F913CB /* GPCardMessageHandler.h */ = {isa = PBXFileReference; fileEncoding = 4; lastKnownFileType = sourcecode.c.h; path = GPCardMessageHandler.h; sourceTree = "<group>"; };
		178C31FE1D167E9000F913CB /* GPCardMessageHandler.m */ = {isa = PBXFileReference; fileEncoding = 4; lastKnownFileType = sourcecode.c.objc; path = GPCardMessageHandler.m; sourceTree = "<group>"; };
		178C31FF1D167E9000F913CB /* GPCardMessageRenderer.h */ = {isa = PBXFileReference; fileEncoding = 4; lastKnownFileType = sourcecode.c.h; path = GPCardMessageRenderer.h; sourceTree = "<group>"; };
		178C32001D167E9000F913CB /* GPCardMessageRenderer.m */ = {isa = PBXFileReference; fileEncoding = 4; lastKnownFileType = sourcecode.c.objc; path = GPCardMessageRenderer.m; sourceTree = "<group>"; };
		178C32011D167E9000F913CB /* GPMessage.h */ = {isa = PBXFileReference; fileEncoding = 4; lastKnownFileType = sourcecode.c.h; path = GPMessage.h; sourceTree = "<group>"; };
		178C32021D167E9000F913CB /* GPMessage.m */ = {isa = PBXFileReference; fileEncoding = 4; lastKnownFileType = sourcecode.c.objc; path = GPMessage.m; sourceTree = "<group>"; };
		178C32031D167E9000F913CB /* GPMessageHandler.h */ = {isa = PBXFileReference; fileEncoding = 4; lastKnownFileType = sourcecode.c.h; path = GPMessageHandler.h; sourceTree = "<group>"; };
		178C32041D167E9000F913CB /* GPMessageOrientation.h */ = {isa = PBXFileReference; fileEncoding = 4; lastKnownFileType = sourcecode.c.h; path = GPMessageOrientation.h; sourceTree = "<group>"; };
		178C32051D167E9000F913CB /* GPMessageOrientation.m */ = {isa = PBXFileReference; fileEncoding = 4; lastKnownFileType = sourcecode.c.objc; path = GPMessageOrientation.m; sourceTree = "<group>"; };
		178C32061D167E9000F913CB /* GPMessageQueue.h */ = {isa = PBXFileReference; fileEncoding = 4; lastKnownFileType = sourcecode.c.h; path = GPMessageQueue.h; sourceTree = "<group>"; };
		178C32071D167E9000F913CB /* GPMessageQueue.m */ = {isa = PBXFileReference; fileEncoding = 4; lastKnownFileType = sourcecode.c.objc; path = GPMessageQueue.m; sourceTree = "<group>"; };
		178C32081D167E9000F913CB /* GPMessageRendererDelegate.h */ = {isa = PBXFileReference; fileEncoding = 4; lastKnownFileType = sourcecode.c.h; path = GPMessageRendererDelegate.h; sourceTree = "<group>"; };
		178C32091D167E9000F913CB /* GPMessageType.h */ = {isa = PBXFileReference; fileEncoding = 4; lastKnownFileType = sourcecode.c.h; path = GPMessageType.h; sourceTree = "<group>"; };
		178C320A1D167E9000F913CB /* GPMessageType.m */ = {isa = PBXFileReference; fileEncoding = 4; lastKnownFileType = sourcecode.c.objc; path = GPMessageType.m; sourceTree = "<group>"; };
		178C320B1D167E9000F913CB /* GPOS.h */ = {isa = PBXFileReference; fileEncoding = 4; lastKnownFileType = sourcecode.c.h; path = GPOS.h; sourceTree = "<group>"; };
		178C320C1D167E9000F913CB /* GPOS.m */ = {isa = PBXFileReference; fileEncoding = 4; lastKnownFileType = sourcecode.c.objc; path = GPOS.m; sourceTree = "<group>"; };
		178C320D1D167E9000F913CB /* GPPicture.h */ = {isa = PBXFileReference; fileEncoding = 4; lastKnownFileType = sourcecode.c.h; path = GPPicture.h; sourceTree = "<group>"; };
		178C320E1D167E9000F913CB /* GPPicture.m */ = {isa = PBXFileReference; fileEncoding = 4; lastKnownFileType = sourcecode.c.objc; path = GPPicture.m; sourceTree = "<group>"; };
		178C320F1D167E9000F913CB /* GPPlainButton.h */ = {isa = PBXFileReference; fileEncoding = 4; lastKnownFileType = sourcecode.c.h; path = GPPlainButton.h; sourceTree = "<group>"; };
		178C32101D167E9000F913CB /* GPPlainButton.m */ = {isa = PBXFileReference; fileEncoding = 4; lastKnownFileType = sourcecode.c.objc; path = GPPlainButton.m; sourceTree = "<group>"; };
		178C32111D167E9000F913CB /* GPPlainMessage.h */ = {isa = PBXFileReference; fileEncoding = 4; lastKnownFileType = sourcecode.c.h; path = GPPlainMessage.h; sourceTree = "<group>"; };
		178C32121D167E9000F913CB /* GPPlainMessage.m */ = {isa = PBXFileReference; fileEncoding = 4; lastKnownFileType = sourcecode.c.objc; path = GPPlainMessage.m; sourceTree = "<group>"; };
		178C32131D167E9000F913CB /* GPPlainMessageHandler.h */ = {isa = PBXFileReference; fileEncoding = 4; lastKnownFileType = sourcecode.c.h; path = GPPlainMessageHandler.h; sourceTree = "<group>"; };
		178C32141D167E9000F913CB /* GPPlainMessageHandler.m */ = {isa = PBXFileReference; fileEncoding = 4; lastKnownFileType = sourcecode.c.objc; path = GPPlainMessageHandler.m; sourceTree = "<group>"; };
		178C32151D167E9000F913CB /* GPScreenButton.h */ = {isa = PBXFileReference; fileEncoding = 4; lastKnownFileType = sourcecode.c.h; path = GPScreenButton.h; sourceTree = "<group>"; };
		178C32161D167E9000F913CB /* GPScreenButton.m */ = {isa = PBXFileReference; fileEncoding = 4; lastKnownFileType = sourcecode.c.objc; path = GPScreenButton.m; sourceTree = "<group>"; };
		178C32171D167E9000F913CB /* GPSwipeImages.h */ = {isa = PBXFileReference; fileEncoding = 4; lastKnownFileType = sourcecode.c.h; path = GPSwipeImages.h; sourceTree = "<group>"; };
		178C32181D167E9000F913CB /* GPSwipeImages.m */ = {isa = PBXFileReference; fileEncoding = 4; lastKnownFileType = sourcecode.c.objc; path = GPSwipeImages.m; sourceTree = "<group>"; };
		178C32191D167E9000F913CB /* GPSwipeMessage.h */ = {isa = PBXFileReference; fileEncoding = 4; lastKnownFileType = sourcecode.c.h; path = GPSwipeMessage.h; sourceTree = "<group>"; };
		178C321A1D167E9000F913CB /* GPSwipeMessage.m */ = {isa = PBXFileReference; fileEncoding = 4; lastKnownFileType = sourcecode.c.objc; path = GPSwipeMessage.m; sourceTree = "<group>"; };
		178C321B1D167E9000F913CB /* GPSwipeMessageHandler.h */ = {isa = PBXFileReference; fileEncoding = 4; lastKnownFileType = sourcecode.c.h; path = GPSwipeMessageHandler.h; sourceTree = "<group>"; };
		178C321C1D167E9000F913CB /* GPSwipeMessageHandler.m */ = {isa = PBXFileReference; fileEncoding = 4; lastKnownFileType = sourcecode.c.objc; path = GPSwipeMessageHandler.m; sourceTree = "<group>"; };
		178C321D1D167E9000F913CB /* GPSwipeMessageRenderer.h */ = {isa = PBXFileReference; fileEncoding = 4; lastKnownFileType = sourcecode.c.h; path = GPSwipeMessageRenderer.h; sourceTree = "<group>"; };
		178C321E1D167E9000F913CB /* GPSwipeMessageRenderer.m */ = {isa = PBXFileReference; fileEncoding = 4; lastKnownFileType = sourcecode.c.objc; path = GPSwipeMessageRenderer.m; sourceTree = "<group>"; };
		178C321F1D167E9000F913CB /* GPSwipeMessageType.h */ = {isa = PBXFileReference; fileEncoding = 4; lastKnownFileType = sourcecode.c.h; path = GPSwipeMessageType.h; sourceTree = "<group>"; };
		178C32201D167E9000F913CB /* GPSwipeMessageType.m */ = {isa = PBXFileReference; fileEncoding = 4; lastKnownFileType = sourcecode.c.objc; path = GPSwipeMessageType.m; sourceTree = "<group>"; };
		178C32211D167E9000F913CB /* GPTag.h */ = {isa = PBXFileReference; fileEncoding = 4; lastKnownFileType = sourcecode.c.h; path = GPTag.h; sourceTree = "<group>"; };
		178C32221D167E9000F913CB /* GPTag.m */ = {isa = PBXFileReference; fileEncoding = 4; lastKnownFileType = sourcecode.c.objc; path = GPTag.m; sourceTree = "<group>"; };
		178C32231D167E9000F913CB /* GPTask.h */ = {isa = PBXFileReference; fileEncoding = 4; lastKnownFileType = sourcecode.c.h; path = GPTask.h; sourceTree = "<group>"; };
		178C32241D167E9000F913CB /* GPTask.m */ = {isa = PBXFileReference; fileEncoding = 4; lastKnownFileType = sourcecode.c.objc; path = GPTask.m; sourceTree = "<group>"; };
		178C32251D167E9000F913CB /* GrowthPush.h */ = {isa = PBXFileReference; fileEncoding = 4; lastKnownFileType = sourcecode.c.h; path = GrowthPush.h; sourceTree = "<group>"; };
		178C32261D167E9000F913CB /* GrowthPush.m */ = {isa = PBXFileReference; fileEncoding = 4; lastKnownFileType = sourcecode.c.objc; path = GrowthPush.m; sourceTree = "<group>"; };
		17BA626F1D1FDB1A00BBFE69 /* GPNoContentMessage.h */ = {isa = PBXFileReference; fileEncoding = 4; lastKnownFileType = sourcecode.c.h; path = GPNoContentMessage.h; sourceTree = "<group>"; };
		17BA62701D1FDB1A00BBFE69 /* GPNoContentMessage.m */ = {isa = PBXFileReference; fileEncoding = 4; lastKnownFileType = sourcecode.c.objc; path = GPNoContentMessage.m; sourceTree = "<group>"; };
		69989BAA1D18E230006B0EFE /* GPShowMessageHandler.h */ = {isa = PBXFileReference; fileEncoding = 4; lastKnownFileType = sourcecode.c.h; path = GPShowMessageHandler.h; sourceTree = "<group>"; };
		69989BAB1D18E230006B0EFE /* GPShowMessageHandler.m */ = {isa = PBXFileReference; fileEncoding = 4; lastKnownFileType = sourcecode.c.objc; path = GPShowMessageHandler.m; sourceTree = "<group>"; };
		69989D3B1D190CCB006B0EFE /* GPTagType.h */ = {isa = PBXFileReference; fileEncoding = 4; lastKnownFileType = sourcecode.c.h; path = GPTagType.h; sourceTree = "<group>"; };
		69989D3C1D190CCB006B0EFE /* GPTagType.m */ = {isa = PBXFileReference; fileEncoding = 4; lastKnownFileType = sourcecode.c.objc; path = GPTagType.m; sourceTree = "<group>"; };
		69989D3F1D1914A0006B0EFE /* GPEventType.h */ = {isa = PBXFileReference; fileEncoding = 4; lastKnownFileType = sourcecode.c.h; path = GPEventType.h; sourceTree = "<group>"; };
		69989D401D1914A0006B0EFE /* GPEventType.m */ = {isa = PBXFileReference; fileEncoding = 4; lastKnownFileType = sourcecode.c.objc; path = GPEventType.m; sourceTree = "<group>"; };
		69989D421D1A23D9006B0EFE /* GBAppDelegateWrapper.h */ = {isa = PBXFileReference; fileEncoding = 4; lastKnownFileType = sourcecode.c.h; name = GBAppDelegateWrapper.h; path = Growthbeat/GBAppDelegateWrapper.h; sourceTree = "<group>"; };
		69989D431D1A23D9006B0EFE /* GBAppDelegateWrapper.m */ = {isa = PBXFileReference; fileEncoding = 4; lastKnownFileType = sourcecode.c.objc; name = GBAppDelegateWrapper.m; path = Growthbeat/GBAppDelegateWrapper.m; sourceTree = "<group>"; };
		69989D441D1A23D9006B0EFE /* GBAppDelegateWrapperDelegate.h */ = {isa = PBXFileReference; fileEncoding = 4; lastKnownFileType = sourcecode.c.h; name = GBAppDelegateWrapperDelegate.h; path = Growthbeat/GBAppDelegateWrapperDelegate.h; sourceTree = "<group>"; };
		69989D451D1A23D9006B0EFE /* GBApplication.h */ = {isa = PBXFileReference; fileEncoding = 4; lastKnownFileType = sourcecode.c.h; name = GBApplication.h; path = Growthbeat/GBApplication.h; sourceTree = "<group>"; };
		69989D461D1A23D9006B0EFE /* GBApplication.m */ = {isa = PBXFileReference; fileEncoding = 4; lastKnownFileType = sourcecode.c.objc; name = GBApplication.m; path = Growthbeat/GBApplication.m; sourceTree = "<group>"; };
		69989D471D1A23D9006B0EFE /* GBClient.h */ = {isa = PBXFileReference; fileEncoding = 4; lastKnownFileType = sourcecode.c.h; name = GBClient.h; path = Growthbeat/GBClient.h; sourceTree = "<group>"; };
		69989D481D1A23D9006B0EFE /* GBClient.m */ = {isa = PBXFileReference; fileEncoding = 4; lastKnownFileType = sourcecode.c.objc; name = GBClient.m; path = Growthbeat/GBClient.m; sourceTree = "<group>"; };
		69989D491D1A23D9006B0EFE /* GBContentType.h */ = {isa = PBXFileReference; fileEncoding = 4; lastKnownFileType = sourcecode.c.h; name = GBContentType.h; path = Growthbeat/GBContentType.h; sourceTree = "<group>"; };
		69989D4A1D1A23D9006B0EFE /* GBContentType.m */ = {isa = PBXFileReference; fileEncoding = 4; lastKnownFileType = sourcecode.c.objc; name = GBContentType.m; path = Growthbeat/GBContentType.m; sourceTree = "<group>"; };
		69989D4B1D1A23D9006B0EFE /* GBCustomIntent.h */ = {isa = PBXFileReference; fileEncoding = 4; lastKnownFileType = sourcecode.c.h; name = GBCustomIntent.h; path = Growthbeat/GBCustomIntent.h; sourceTree = "<group>"; };
		69989D4C1D1A23D9006B0EFE /* GBCustomIntent.m */ = {isa = PBXFileReference; fileEncoding = 4; lastKnownFileType = sourcecode.c.objc; name = GBCustomIntent.m; path = Growthbeat/GBCustomIntent.m; sourceTree = "<group>"; };
		69989D4D1D1A23D9006B0EFE /* GBCustomIntentHandler.h */ = {isa = PBXFileReference; fileEncoding = 4; lastKnownFileType = sourcecode.c.h; name = GBCustomIntentHandler.h; path = Growthbeat/GBCustomIntentHandler.h; sourceTree = "<group>"; };
		69989D4E1D1A23D9006B0EFE /* GBCustomIntentHandler.m */ = {isa = PBXFileReference; fileEncoding = 4; lastKnownFileType = sourcecode.c.objc; name = GBCustomIntentHandler.m; path = Growthbeat/GBCustomIntentHandler.m; sourceTree = "<group>"; };
		69989D4F1D1A23D9006B0EFE /* GBDateUtils.h */ = {isa = PBXFileReference; fileEncoding = 4; lastKnownFileType = sourcecode.c.h; name = GBDateUtils.h; path = Growthbeat/GBDateUtils.h; sourceTree = "<group>"; };
		69989D501D1A23D9006B0EFE /* GBDateUtils.m */ = {isa = PBXFileReference; fileEncoding = 4; lastKnownFileType = sourcecode.c.objc; name = GBDateUtils.m; path = Growthbeat/GBDateUtils.m; sourceTree = "<group>"; };
		69989D511D1A23D9006B0EFE /* GBDeviceUtils.h */ = {isa = PBXFileReference; fileEncoding = 4; lastKnownFileType = sourcecode.c.h; name = GBDeviceUtils.h; path = Growthbeat/GBDeviceUtils.h; sourceTree = "<group>"; };
		69989D521D1A23D9006B0EFE /* GBDeviceUtils.m */ = {isa = PBXFileReference; fileEncoding = 4; lastKnownFileType = sourcecode.c.objc; name = GBDeviceUtils.m; path = Growthbeat/GBDeviceUtils.m; sourceTree = "<group>"; };
		69989D531D1A23D9006B0EFE /* GBDomain.h */ = {isa = PBXFileReference; fileEncoding = 4; lastKnownFileType = sourcecode.c.h; name = GBDomain.h; path = Growthbeat/GBDomain.h; sourceTree = "<group>"; };
		69989D541D1A23D9006B0EFE /* GBDomain.m */ = {isa = PBXFileReference; fileEncoding = 4; lastKnownFileType = sourcecode.c.objc; name = GBDomain.m; path = Growthbeat/GBDomain.m; sourceTree = "<group>"; };
		69989D551D1A23D9006B0EFE /* GBGPClient.h */ = {isa = PBXFileReference; fileEncoding = 4; lastKnownFileType = sourcecode.c.h; name = GBGPClient.h; path = Growthbeat/GBGPClient.h; sourceTree = "<group>"; };
		69989D561D1A23D9006B0EFE /* GBGPClient.m */ = {isa = PBXFileReference; fileEncoding = 4; lastKnownFileType = sourcecode.c.objc; name = GBGPClient.m; path = Growthbeat/GBGPClient.m; sourceTree = "<group>"; };
		69989D571D1A23D9006B0EFE /* GBHttpClient.h */ = {isa = PBXFileReference; fileEncoding = 4; lastKnownFileType = sourcecode.c.h; name = GBHttpClient.h; path = Growthbeat/GBHttpClient.h; sourceTree = "<group>"; };
		69989D581D1A23D9006B0EFE /* GBHttpClient.m */ = {isa = PBXFileReference; fileEncoding = 4; lastKnownFileType = sourcecode.c.objc; name = GBHttpClient.m; path = Growthbeat/GBHttpClient.m; sourceTree = "<group>"; };
		69989D591D1A23D9006B0EFE /* GBHttpRequest.h */ = {isa = PBXFileReference; fileEncoding = 4; lastKnownFileType = sourcecode.c.h; name = GBHttpRequest.h; path = Growthbeat/GBHttpRequest.h; sourceTree = "<group>"; };
		69989D5A1D1A23D9006B0EFE /* GBHttpRequest.m */ = {isa = PBXFileReference; fileEncoding = 4; lastKnownFileType = sourcecode.c.objc; name = GBHttpRequest.m; path = Growthbeat/GBHttpRequest.m; sourceTree = "<group>"; };
		69989D5B1D1A23D9006B0EFE /* GBHttpResponse.h */ = {isa = PBXFileReference; fileEncoding = 4; lastKnownFileType = sourcecode.c.h; name = GBHttpResponse.h; path = Growthbeat/GBHttpResponse.h; sourceTree = "<group>"; };
		69989D5C1D1A23D9006B0EFE /* GBHttpResponse.m */ = {isa = PBXFileReference; fileEncoding = 4; lastKnownFileType = sourcecode.c.objc; name = GBHttpResponse.m; path = Growthbeat/GBHttpResponse.m; sourceTree = "<group>"; };
		69989D5D1D1A23D9006B0EFE /* GBHttpUtils.h */ = {isa = PBXFileReference; fileEncoding = 4; lastKnownFileType = sourcecode.c.h; name = GBHttpUtils.h; path = Growthbeat/GBHttpUtils.h; sourceTree = "<group>"; };
		69989D5E1D1A23D9006B0EFE /* GBHttpUtils.m */ = {isa = PBXFileReference; fileEncoding = 4; lastKnownFileType = sourcecode.c.objc; name = GBHttpUtils.m; path = Growthbeat/GBHttpUtils.m; sourceTree = "<group>"; };
		69989D5F1D1A23D9006B0EFE /* GBIntent.h */ = {isa = PBXFileReference; fileEncoding = 4; lastKnownFileType = sourcecode.c.h; name = GBIntent.h; path = Growthbeat/GBIntent.h; sourceTree = "<group>"; };
		69989D601D1A23D9006B0EFE /* GBIntent.m */ = {isa = PBXFileReference; fileEncoding = 4; lastKnownFileType = sourcecode.c.objc; name = GBIntent.m; path = Growthbeat/GBIntent.m; sourceTree = "<group>"; };
		69989D611D1A23D9006B0EFE /* GBIntentHandler.h */ = {isa = PBXFileReference; fileEncoding = 4; lastKnownFileType = sourcecode.c.h; name = GBIntentHandler.h; path = Growthbeat/GBIntentHandler.h; sourceTree = "<group>"; };
		69989D621D1A23D9006B0EFE /* GBIntentType.h */ = {isa = PBXFileReference; fileEncoding = 4; lastKnownFileType = sourcecode.c.h; name = GBIntentType.h; path = Growthbeat/GBIntentType.h; sourceTree = "<group>"; };
		69989D631D1A23D9006B0EFE /* GBIntentType.m */ = {isa = PBXFileReference; fileEncoding = 4; lastKnownFileType = sourcecode.c.objc; name = GBIntentType.m; path = Growthbeat/GBIntentType.m; sourceTree = "<group>"; };
		69989D641D1A23D9006B0EFE /* GBLogger.h */ = {isa = PBXFileReference; fileEncoding = 4; lastKnownFileType = sourcecode.c.h; name = GBLogger.h; path = Growthbeat/GBLogger.h; sourceTree = "<group>"; };
		69989D651D1A23D9006B0EFE /* GBLogger.m */ = {isa = PBXFileReference; fileEncoding = 4; lastKnownFileType = sourcecode.c.objc; name = GBLogger.m; path = Growthbeat/GBLogger.m; sourceTree = "<group>"; };
		69989D661D1A23D9006B0EFE /* GBMultipartFile.h */ = {isa = PBXFileReference; fileEncoding = 4; lastKnownFileType = sourcecode.c.h; name = GBMultipartFile.h; path = Growthbeat/GBMultipartFile.h; sourceTree = "<group>"; };
		69989D671D1A23D9006B0EFE /* GBMultipartFile.m */ = {isa = PBXFileReference; fileEncoding = 4; lastKnownFileType = sourcecode.c.objc; name = GBMultipartFile.m; path = Growthbeat/GBMultipartFile.m; sourceTree = "<group>"; };
		69989D681D1A23D9006B0EFE /* GBNoopIntent.h */ = {isa = PBXFileReference; fileEncoding = 4; lastKnownFileType = sourcecode.c.h; name = GBNoopIntent.h; path = Growthbeat/GBNoopIntent.h; sourceTree = "<group>"; };
		69989D691D1A23D9006B0EFE /* GBNoopIntent.m */ = {isa = PBXFileReference; fileEncoding = 4; lastKnownFileType = sourcecode.c.objc; name = GBNoopIntent.m; path = Growthbeat/GBNoopIntent.m; sourceTree = "<group>"; };
		69989D6A1D1A23D9006B0EFE /* GBNoopIntentHandler.h */ = {isa = PBXFileReference; fileEncoding = 4; lastKnownFileType = sourcecode.c.h; name = GBNoopIntentHandler.h; path = Growthbeat/GBNoopIntentHandler.h; sourceTree = "<group>"; };
		69989D6B1D1A23D9006B0EFE /* GBNoopIntentHandler.m */ = {isa = PBXFileReference; fileEncoding = 4; lastKnownFileType = sourcecode.c.objc; name = GBNoopIntentHandler.m; path = Growthbeat/GBNoopIntentHandler.m; sourceTree = "<group>"; };
		69989D6C1D1A23D9006B0EFE /* GBPreference.h */ = {isa = PBXFileReference; fileEncoding = 4; lastKnownFileType = sourcecode.c.h; name = GBPreference.h; path = Growthbeat/GBPreference.h; sourceTree = "<group>"; };
		69989D6D1D1A23D9006B0EFE /* GBPreference.m */ = {isa = PBXFileReference; fileEncoding = 4; lastKnownFileType = sourcecode.c.objc; name = GBPreference.m; path = Growthbeat/GBPreference.m; sourceTree = "<group>"; };
		69989D6E1D1A23D9006B0EFE /* GBRequestMethod.h */ = {isa = PBXFileReference; fileEncoding = 4; lastKnownFileType = sourcecode.c.h; name = GBRequestMethod.h; path = Growthbeat/GBRequestMethod.h; sourceTree = "<group>"; };
		69989D6F1D1A23D9006B0EFE /* GBRequestMethod.m */ = {isa = PBXFileReference; fileEncoding = 4; lastKnownFileType = sourcecode.c.objc; name = GBRequestMethod.m; path = Growthbeat/GBRequestMethod.m; sourceTree = "<group>"; };
		69989D701D1A23D9006B0EFE /* GBUrlIntent.h */ = {isa = PBXFileReference; fileEncoding = 4; lastKnownFileType = sourcecode.c.h; name = GBUrlIntent.h; path = Growthbeat/GBUrlIntent.h; sourceTree = "<group>"; };
		69989D711D1A23D9006B0EFE /* GBUrlIntent.m */ = {isa = PBXFileReference; fileEncoding = 4; lastKnownFileType = sourcecode.c.objc; name = GBUrlIntent.m; path = Growthbeat/GBUrlIntent.m; sourceTree = "<group>"; };
		69989D721D1A23D9006B0EFE /* GBUrlIntentHandler.h */ = {isa = PBXFileReference; fileEncoding = 4; lastKnownFileType = sourcecode.c.h; name = GBUrlIntentHandler.h; path = Growthbeat/GBUrlIntentHandler.h; sourceTree = "<group>"; };
		69989D731D1A23D9006B0EFE /* GBUrlIntentHandler.m */ = {isa = PBXFileReference; fileEncoding = 4; lastKnownFileType = sourcecode.c.objc; name = GBUrlIntentHandler.m; path = Growthbeat/GBUrlIntentHandler.m; sourceTree = "<group>"; };
		69989D741D1A23D9006B0EFE /* GBUtils.h */ = {isa = PBXFileReference; fileEncoding = 4; lastKnownFileType = sourcecode.c.h; name = GBUtils.h; path = Growthbeat/GBUtils.h; sourceTree = "<group>"; };
		69989D751D1A23D9006B0EFE /* GBViewUtils.h */ = {isa = PBXFileReference; fileEncoding = 4; lastKnownFileType = sourcecode.c.h; name = GBViewUtils.h; path = Growthbeat/GBViewUtils.h; sourceTree = "<group>"; };
		69989D761D1A23D9006B0EFE /* GBViewUtils.m */ = {isa = PBXFileReference; fileEncoding = 4; lastKnownFileType = sourcecode.c.objc; name = GBViewUtils.m; path = Growthbeat/GBViewUtils.m; sourceTree = "<group>"; };
		69989D771D1A23D9006B0EFE /* Growthbeat.h */ = {isa = PBXFileReference; fileEncoding = 4; lastKnownFileType = sourcecode.c.h; name = Growthbeat.h; path = Growthbeat/Growthbeat.h; sourceTree = "<group>"; };
		69989D781D1A23D9006B0EFE /* Growthbeat.m */ = {isa = PBXFileReference; fileEncoding = 4; lastKnownFileType = sourcecode.c.objc; name = Growthbeat.m; path = Growthbeat/Growthbeat.m; sourceTree = "<group>"; };
		B2ED14171A0C451E0078F6BC /* libGrowthbeat.a */ = {isa = PBXFileReference; explicitFileType = archive.ar; includeInIndex = 0; path = libGrowthbeat.a; sourceTree = BUILT_PRODUCTS_DIR; };
		C165AE3B1CFBC3730078D38C /* GLClick.h */ = {isa = PBXFileReference; lastKnownFileType = sourcecode.c.h; path = GLClick.h; sourceTree = "<group>"; };
		C165AE3C1CFBC3730078D38C /* GLClick.m */ = {isa = PBXFileReference; lastKnownFileType = sourcecode.c.objc; path = GLClick.m; sourceTree = "<group>"; };
		C165AE3D1CFBC3730078D38C /* GLLink.h */ = {isa = PBXFileReference; lastKnownFileType = sourcecode.c.h; path = GLLink.h; sourceTree = "<group>"; };
		C165AE3E1CFBC3730078D38C /* GLLink.m */ = {isa = PBXFileReference; lastKnownFileType = sourcecode.c.objc; path = GLLink.m; sourceTree = "<group>"; };
		C165AE3F1CFBC3730078D38C /* GLPattern.h */ = {isa = PBXFileReference; lastKnownFileType = sourcecode.c.h; path = GLPattern.h; sourceTree = "<group>"; };
		C165AE401CFBC3730078D38C /* GLPattern.m */ = {isa = PBXFileReference; lastKnownFileType = sourcecode.c.objc; path = GLPattern.m; sourceTree = "<group>"; };
		C165AE411CFBC3730078D38C /* GLSynchronization.h */ = {isa = PBXFileReference; lastKnownFileType = sourcecode.c.h; path = GLSynchronization.h; sourceTree = "<group>"; };
		C165AE421CFBC3730078D38C /* GLSynchronization.m */ = {isa = PBXFileReference; lastKnownFileType = sourcecode.c.objc; path = GLSynchronization.m; sourceTree = "<group>"; };
		C165AE431CFBC3730078D38C /* GLSynchronizationHandler.h */ = {isa = PBXFileReference; lastKnownFileType = sourcecode.c.h; path = GLSynchronizationHandler.h; sourceTree = "<group>"; };
		C165AE441CFBC3730078D38C /* GLSynchronizationHandler.m */ = {isa = PBXFileReference; lastKnownFileType = sourcecode.c.objc; path = GLSynchronizationHandler.m; sourceTree = "<group>"; };
		C165AE451CFBC3730078D38C /* GrowthLink.h */ = {isa = PBXFileReference; lastKnownFileType = sourcecode.c.h; path = GrowthLink.h; sourceTree = "<group>"; };
		C165AE461CFBC3730078D38C /* GrowthLink.m */ = {isa = PBXFileReference; lastKnownFileType = sourcecode.c.objc; path = GrowthLink.m; sourceTree = "<group>"; };
/* End PBXFileReference section */

/* Begin PBXFrameworksBuildPhase section */
		B2ED14141A0C451E0078F6BC /* Frameworks */ = {
			isa = PBXFrameworksBuildPhase;
			buildActionMask = 2147483647;
			files = (
			);
			runOnlyForDeploymentPostprocessing = 0;
		};
/* End PBXFrameworksBuildPhase section */

/* Begin PBXGroup section */
		B2ED140E1A0C451E0078F6BC = {
			isa = PBXGroup;
			children = (
				69989D421D1A23D9006B0EFE /* GBAppDelegateWrapper.h */,
				69989D431D1A23D9006B0EFE /* GBAppDelegateWrapper.m */,
				69989D441D1A23D9006B0EFE /* GBAppDelegateWrapperDelegate.h */,
				69989D451D1A23D9006B0EFE /* GBApplication.h */,
				69989D461D1A23D9006B0EFE /* GBApplication.m */,
				69989D471D1A23D9006B0EFE /* GBClient.h */,
				69989D481D1A23D9006B0EFE /* GBClient.m */,
				69989D491D1A23D9006B0EFE /* GBContentType.h */,
				69989D4A1D1A23D9006B0EFE /* GBContentType.m */,
				69989D4B1D1A23D9006B0EFE /* GBCustomIntent.h */,
				69989D4C1D1A23D9006B0EFE /* GBCustomIntent.m */,
				69989D4D1D1A23D9006B0EFE /* GBCustomIntentHandler.h */,
				69989D4E1D1A23D9006B0EFE /* GBCustomIntentHandler.m */,
				69989D4F1D1A23D9006B0EFE /* GBDateUtils.h */,
				69989D501D1A23D9006B0EFE /* GBDateUtils.m */,
				69989D511D1A23D9006B0EFE /* GBDeviceUtils.h */,
				69989D521D1A23D9006B0EFE /* GBDeviceUtils.m */,
				69989D531D1A23D9006B0EFE /* GBDomain.h */,
				69989D541D1A23D9006B0EFE /* GBDomain.m */,
				69989D551D1A23D9006B0EFE /* GBGPClient.h */,
				69989D561D1A23D9006B0EFE /* GBGPClient.m */,
				69989D571D1A23D9006B0EFE /* GBHttpClient.h */,
				69989D581D1A23D9006B0EFE /* GBHttpClient.m */,
				69989D591D1A23D9006B0EFE /* GBHttpRequest.h */,
				69989D5A1D1A23D9006B0EFE /* GBHttpRequest.m */,
				69989D5B1D1A23D9006B0EFE /* GBHttpResponse.h */,
				69989D5C1D1A23D9006B0EFE /* GBHttpResponse.m */,
				69989D5D1D1A23D9006B0EFE /* GBHttpUtils.h */,
				69989D5E1D1A23D9006B0EFE /* GBHttpUtils.m */,
				69989D5F1D1A23D9006B0EFE /* GBIntent.h */,
				69989D601D1A23D9006B0EFE /* GBIntent.m */,
				69989D611D1A23D9006B0EFE /* GBIntentHandler.h */,
				69989D621D1A23D9006B0EFE /* GBIntentType.h */,
				69989D631D1A23D9006B0EFE /* GBIntentType.m */,
				69989D641D1A23D9006B0EFE /* GBLogger.h */,
				69989D651D1A23D9006B0EFE /* GBLogger.m */,
				69989D661D1A23D9006B0EFE /* GBMultipartFile.h */,
				69989D671D1A23D9006B0EFE /* GBMultipartFile.m */,
				69989D681D1A23D9006B0EFE /* GBNoopIntent.h */,
				69989D691D1A23D9006B0EFE /* GBNoopIntent.m */,
				69989D6A1D1A23D9006B0EFE /* GBNoopIntentHandler.h */,
				69989D6B1D1A23D9006B0EFE /* GBNoopIntentHandler.m */,
				69989D6C1D1A23D9006B0EFE /* GBPreference.h */,
				69989D6D1D1A23D9006B0EFE /* GBPreference.m */,
				69989D6E1D1A23D9006B0EFE /* GBRequestMethod.h */,
				69989D6F1D1A23D9006B0EFE /* GBRequestMethod.m */,
				69989D701D1A23D9006B0EFE /* GBUrlIntent.h */,
				69989D711D1A23D9006B0EFE /* GBUrlIntent.m */,
				69989D721D1A23D9006B0EFE /* GBUrlIntentHandler.h */,
				69989D731D1A23D9006B0EFE /* GBUrlIntentHandler.m */,
				69989D741D1A23D9006B0EFE /* GBUtils.h */,
				69989D751D1A23D9006B0EFE /* GBViewUtils.h */,
				69989D761D1A23D9006B0EFE /* GBViewUtils.m */,
				69989D771D1A23D9006B0EFE /* Growthbeat.h */,
				69989D781D1A23D9006B0EFE /* Growthbeat.m */,
				C165AE3A1CFBC3730078D38C /* GrowthLink */,
				CE0628281B15B6BF009263FA /* GrowthPush */,
				B2ED14181A0C451E0078F6BC /* Products */,
			);
			sourceTree = "<group>";
		};
		B2ED14181A0C451E0078F6BC /* Products */ = {
			isa = PBXGroup;
			children = (
				B2ED14171A0C451E0078F6BC /* libGrowthbeat.a */,
			);
			name = Products;
			sourceTree = "<group>";
		};
		C165AE3A1CFBC3730078D38C /* GrowthLink */ = {
			isa = PBXGroup;
			children = (
				C165AE3B1CFBC3730078D38C /* GLClick.h */,
				C165AE3C1CFBC3730078D38C /* GLClick.m */,
				C165AE3D1CFBC3730078D38C /* GLLink.h */,
				C165AE3E1CFBC3730078D38C /* GLLink.m */,
				C165AE3F1CFBC3730078D38C /* GLPattern.h */,
				C165AE401CFBC3730078D38C /* GLPattern.m */,
				C165AE411CFBC3730078D38C /* GLSynchronization.h */,
				C165AE421CFBC3730078D38C /* GLSynchronization.m */,
				C165AE431CFBC3730078D38C /* GLSynchronizationHandler.h */,
				C165AE441CFBC3730078D38C /* GLSynchronizationHandler.m */,
				C165AE451CFBC3730078D38C /* GrowthLink.h */,
				C165AE461CFBC3730078D38C /* GrowthLink.m */,
			);
			name = GrowthLink;
			path = Growthbeat/GrowthLink;
			sourceTree = "<group>";
		};
		CE0628281B15B6BF009263FA /* GrowthPush */ = {
			isa = PBXGroup;
			children = (
				178C31EB1D167E9000F913CB /* GPBackground.h */,
				178C31EC1D167E9000F913CB /* GPBackground.m */,
				178C31ED1D167E9000F913CB /* GPButton.h */,
				178C31EE1D167E9000F913CB /* GPButton.m */,
				178C31EF1D167E9000F913CB /* GPButtonType.h */,
				178C31F01D167E9000F913CB /* GPButtonType.m */,
				178C31FB1D167E9000F913CB /* GPCardMessage.h */,
				178C31FC1D167E9000F913CB /* GPCardMessage.m */,
				178C31FD1D167E9000F913CB /* GPCardMessageHandler.h */,
				178C31FE1D167E9000F913CB /* GPCardMessageHandler.m */,
				178C31FF1D167E9000F913CB /* GPCardMessageRenderer.h */,
				178C32001D167E9000F913CB /* GPCardMessageRenderer.m */,
				178C31F11D167E9000F913CB /* GPClient.h */,
				178C31F21D167E9000F913CB /* GPClient.m */,
				178C31F31D167E9000F913CB /* GPCloseButton.h */,
				178C31F41D167E9000F913CB /* GPCloseButton.m */,
				178C31F51D167E9000F913CB /* GPEnvironment.h */,
				178C31F61D167E9000F913CB /* GPEnvironmentUtils.m */,
				178C31F71D167E9000F913CB /* GPEvent.h */,
				178C31F81D167E9000F913CB /* GPEvent.m */,
				69989D3F1D1914A0006B0EFE /* GPEventType.h */,
				69989D401D1914A0006B0EFE /* GPEventType.m */,
				178C31F91D167E9000F913CB /* GPImageButton.h */,
				178C31FA1D167E9000F913CB /* GPImageButton.m */,
				178C32011D167E9000F913CB /* GPMessage.h */,
				178C32021D167E9000F913CB /* GPMessage.m */,
				178C32031D167E9000F913CB /* GPMessageHandler.h */,
				178C32041D167E9000F913CB /* GPMessageOrientation.h */,
				178C32051D167E9000F913CB /* GPMessageOrientation.m */,
				178C32061D167E9000F913CB /* GPMessageQueue.h */,
				178C32071D167E9000F913CB /* GPMessageQueue.m */,
				178C32081D167E9000F913CB /* GPMessageRendererDelegate.h */,
				178C32091D167E9000F913CB /* GPMessageType.h */,
				178C320A1D167E9000F913CB /* GPMessageType.m */,
				178C320B1D167E9000F913CB /* GPOS.h */,
				178C320C1D167E9000F913CB /* GPOS.m */,
				178C320D1D167E9000F913CB /* GPPicture.h */,
				178C320E1D167E9000F913CB /* GPPicture.m */,
				178C320F1D167E9000F913CB /* GPPlainButton.h */,
				178C32101D167E9000F913CB /* GPPlainButton.m */,
				178C32111D167E9000F913CB /* GPPlainMessage.h */,
				178C32121D167E9000F913CB /* GPPlainMessage.m */,
				178C32131D167E9000F913CB /* GPPlainMessageHandler.h */,
				178C32141D167E9000F913CB /* GPPlainMessageHandler.m */,
				178C32151D167E9000F913CB /* GPScreenButton.h */,
				178C32161D167E9000F913CB /* GPScreenButton.m */,
				69989BAA1D18E230006B0EFE /* GPShowMessageHandler.h */,
				69989BAB1D18E230006B0EFE /* GPShowMessageHandler.m */,
				178C32171D167E9000F913CB /* GPSwipeImages.h */,
				178C32181D167E9000F913CB /* GPSwipeImages.m */,
				178C32191D167E9000F913CB /* GPSwipeMessage.h */,
				178C321A1D167E9000F913CB /* GPSwipeMessage.m */,
				178C321B1D167E9000F913CB /* GPSwipeMessageHandler.h */,
				178C321C1D167E9000F913CB /* GPSwipeMessageHandler.m */,
				178C321D1D167E9000F913CB /* GPSwipeMessageRenderer.h */,
				178C321E1D167E9000F913CB /* GPSwipeMessageRenderer.m */,
				178C321F1D167E9000F913CB /* GPSwipeMessageType.h */,
				178C32201D167E9000F913CB /* GPSwipeMessageType.m */,
				178C32211D167E9000F913CB /* GPTag.h */,
				178C32221D167E9000F913CB /* GPTag.m */,
				69989D3B1D190CCB006B0EFE /* GPTagType.h */,
				69989D3C1D190CCB006B0EFE /* GPTagType.m */,
				178C32231D167E9000F913CB /* GPTask.h */,
				178C32241D167E9000F913CB /* GPTask.m */,
				178C32251D167E9000F913CB /* GrowthPush.h */,
				178C32261D167E9000F913CB /* GrowthPush.m */,
				17BA626F1D1FDB1A00BBFE69 /* GPNoContentMessage.h */,
				17BA62701D1FDB1A00BBFE69 /* GPNoContentMessage.m */,
			);
			name = GrowthPush;
			path = Growthbeat/GrowthPush;
			sourceTree = "<group>";
		};
/* End PBXGroup section */

/* Begin PBXNativeTarget section */
		B2ED14161A0C451E0078F6BC /* Growthbeat */ = {
			isa = PBXNativeTarget;
			buildConfigurationList = B2ED142B1A0C451E0078F6BC /* Build configuration list for PBXNativeTarget "Growthbeat" */;
			buildPhases = (
				B2ED14131A0C451E0078F6BC /* Sources */,
				B2ED14141A0C451E0078F6BC /* Frameworks */,
				B2ED14151A0C451E0078F6BC /* CopyFiles */,
				B275A7021A0C45870050510A /* ShellScript */,
			);
			buildRules = (
			);
			dependencies = (
			);
			name = Growthbeat;
			productName = Growthbeat;
			productReference = B2ED14171A0C451E0078F6BC /* libGrowthbeat.a */;
			productType = "com.apple.product-type.library.static";
		};
/* End PBXNativeTarget section */

/* Begin PBXProject section */
		B2ED140F1A0C451E0078F6BC /* Project object */ = {
			isa = PBXProject;
			attributes = {
				LastUpgradeCheck = 0610;
				ORGANIZATIONNAME = "SIROK, Inc.";
				TargetAttributes = {
					B275A7031A0C45A50050510A = {
						CreatedOnToolsVersion = 6.1;
					};
					B2ED14161A0C451E0078F6BC = {
						CreatedOnToolsVersion = 6.1;
					};
				};
			};
			buildConfigurationList = B2ED14121A0C451E0078F6BC /* Build configuration list for PBXProject "Growthbeat" */;
			compatibilityVersion = "Xcode 3.2";
			developmentRegion = English;
			hasScannedForEncodings = 0;
			knownRegions = (
				en,
			);
			mainGroup = B2ED140E1A0C451E0078F6BC;
			productRefGroup = B2ED14181A0C451E0078F6BC /* Products */;
			projectDirPath = "";
			projectRoot = "";
			targets = (
				B2ED14161A0C451E0078F6BC /* Growthbeat */,
				B275A7031A0C45A50050510A /* GrowthbeatFramework */,
			);
		};
/* End PBXProject section */

/* Begin PBXShellScriptBuildPhase section */
		B275A7021A0C45870050510A /* ShellScript */ = {
			isa = PBXShellScriptBuildPhase;
			buildActionMask = 2147483647;
			files = (
			);
			inputPaths = (
			);
			outputPaths = (
			);
			runOnlyForDeploymentPostprocessing = 0;
			shellPath = /bin/sh;
			shellScript = "set -e\n\nmkdir -p \"${BUILT_PRODUCTS_DIR}/${PRODUCT_NAME}.framework/Versions/${FRAMEWORK_VERSION}/Headers\"\n\n# Link the \"Current\" version to \"${FRAMEWORK_VERSION}\"\n/bin/ln -sfh \"${FRAMEWORK_VERSION}\" \"${BUILT_PRODUCTS_DIR}/${PRODUCT_NAME}.framework/Versions/Current\"\n/bin/ln -sfh Versions/Current/Headers \"${BUILT_PRODUCTS_DIR}/${PRODUCT_NAME}.framework/Headers\"\n/bin/ln -sfh \"Versions/Current/${PRODUCT_NAME}\" \"${BUILT_PRODUCTS_DIR}/${PRODUCT_NAME}.framework/${PRODUCT_NAME}\"\n\n# The -a ensures that the headers maintain the source modification date so that we don't constantly\n# cause propagating rebuilds of files that import these headers.\n/bin/cp -a \"${TARGET_BUILD_DIR}/${PUBLIC_HEADERS_FOLDER_PATH}/\" \"${BUILT_PRODUCTS_DIR}/${PRODUCT_NAME}.framework/Versions/${FRAMEWORK_VERSION}/Headers\"";
		};
		B275A7091A0C45B50050510A /* ShellScript */ = {
			isa = PBXShellScriptBuildPhase;
			buildActionMask = 2147483647;
			files = (
			);
			inputPaths = (
			);
			outputPaths = (
			);
			runOnlyForDeploymentPostprocessing = 0;
			shellPath = /bin/sh;
			shellScript = "set -e\nset +u\n# Avoid recursively calling this script.\nif [[ $SF_MASTER_SCRIPT_RUNNING ]]\nthen\nexit 0\nfi\nset -u\nexport SF_MASTER_SCRIPT_RUNNING=1\n\nSF_TARGET_NAME=${PROJECT_NAME}\nSF_EXECUTABLE_PATH=\"lib${SF_TARGET_NAME}.a\"\nSF_WRAPPER_NAME=\"${SF_TARGET_NAME}.framework\"\n\n# The following conditionals come from\n# https://github.com/kstenerud/iOS-Universal-Framework\n\nif [[ \"$SDK_NAME\" =~ ([A-Za-z]+) ]]\nthen\nSF_SDK_PLATFORM=${BASH_REMATCH[1]}\nelse\necho \"Could not find platform name from SDK_NAME: $SDK_NAME\"\nexit 1\nfi\n\nif [[ \"$SDK_NAME\" =~ ([0-9]+.*$) ]]\nthen\nSF_SDK_VERSION=${BASH_REMATCH[1]}\nelse\necho \"Could not find sdk version from SDK_NAME: $SDK_NAME\"\nexit 1\nfi\n\nif [[ \"$SF_SDK_PLATFORM\" = \"iphoneos\" ]]\nthen\nSF_OTHER_PLATFORM=iphonesimulator\nelse\nSF_OTHER_PLATFORM=iphoneos\nfi\n\nif [[ \"$BUILT_PRODUCTS_DIR\" =~ (.*)$SF_SDK_PLATFORM$ ]]\nthen\nSF_OTHER_BUILT_PRODUCTS_DIR=\"${BASH_REMATCH[1]}${SF_OTHER_PLATFORM}\"\nelse\necho \"Could not find platform name from build products directory: $BUILT_PRODUCTS_DIR\"\nexit 1\nfi\n\n# Build the other platform.\nxcrun xcodebuild -project \"${PROJECT_FILE_PATH}\" -target \"${TARGET_NAME}\" -configuration \"${CONFIGURATION}\" -sdk ${SF_OTHER_PLATFORM}${SF_SDK_VERSION} BUILD_DIR=\"${BUILD_DIR}\" OBJROOT=\"${OBJROOT}\" BUILD_ROOT=\"${BUILD_ROOT}\" SYMROOT=\"${SYMROOT}\" $ACTION\n\n# Smash the two static libraries into one fat binary and store it in the .framework\nxcrun lipo -create \"${BUILT_PRODUCTS_DIR}/${SF_EXECUTABLE_PATH}\" \"${SF_OTHER_BUILT_PRODUCTS_DIR}/${SF_EXECUTABLE_PATH}\" -output \"${BUILT_PRODUCTS_DIR}/${SF_WRAPPER_NAME}/Versions/${FRAMEWORK_VERSION}/${SF_TARGET_NAME}\"\n\n# Copy the binary to the other architecture folder to have a complete framework in both.\ncp -a \"${BUILT_PRODUCTS_DIR}/${SF_WRAPPER_NAME}/Versions/${FRAMEWORK_VERSION}/${SF_TARGET_NAME}\" \"${SF_OTHER_BUILT_PRODUCTS_DIR}/${SF_WRAPPER_NAME}/Versions/${FRAMEWORK_VERSION}/${SF_TARGET_NAME}\"\n\n# Open products directory\nopen \"${BUILT_PRODUCTS_DIR}\"";
		};
/* End PBXShellScriptBuildPhase section */

/* Begin PBXSourcesBuildPhase section */
		B2ED14131A0C451E0078F6BC /* Sources */ = {
			isa = PBXSourcesBuildPhase;
			buildActionMask = 2147483647;
			files = (
				69989D791D1A23D9006B0EFE /* GBAppDelegateWrapper.m in Sources */,
				69989D8C1D1A23DA006B0EFE /* GBNoopIntentHandler.m in Sources */,
				69989D831D1A23DA006B0EFE /* GBHttpClient.m in Sources */,
				69989D901D1A23DA006B0EFE /* GBUrlIntentHandler.m in Sources */,
				178C32341D167E9000F913CB /* GPMessageQueue.m in Sources */,
				C165AE4D1CFBC3A20078D38C /* GLClick.m in Sources */,
				178C32331D167E9000F913CB /* GPMessageOrientation.m in Sources */,
				69989D7D1D1A23D9006B0EFE /* GBCustomIntent.m in Sources */,
				C165AE4E1CFBC3A20078D38C /* GLLink.m in Sources */,
				69989D821D1A23DA006B0EFE /* GBGPClient.m in Sources */,
				C165AE4F1CFBC3A20078D38C /* GLPattern.m in Sources */,
				178C322B1D167E9000F913CB /* GPCloseButton.m in Sources */,
				69989D801D1A23DA006B0EFE /* GBDeviceUtils.m in Sources */,
				C165AE501CFBC3A20078D38C /* GLSynchronization.m in Sources */,
				178C32391D167E9000F913CB /* GPPlainMessage.m in Sources */,
				178C32271D167E9000F913CB /* GPBackground.m in Sources */,
				C165AE511CFBC3A20078D38C /* GLSynchronizationHandler.m in Sources */,
				178C32431D167E9000F913CB /* GrowthPush.m in Sources */,
				C165AE521CFBC3A20078D38C /* GrowthLink.m in Sources */,
				178C32281D167E9000F913CB /* GPButton.m in Sources */,
				178C322D1D167E9000F913CB /* GPEvent.m in Sources */,
				69989D851D1A23DA006B0EFE /* GBHttpResponse.m in Sources */,
				178C32321D167E9000F913CB /* GPMessage.m in Sources */,
				178C32421D167E9000F913CB /* GPTask.m in Sources */,
				69989D7B1D1A23D9006B0EFE /* GBClient.m in Sources */,
				69989D8B1D1A23DA006B0EFE /* GBNoopIntent.m in Sources */,
				69989D411D1914A0006B0EFE /* GPEventType.m in Sources */,
				178C32311D167E9000F913CB /* GPCardMessageRenderer.m in Sources */,
				69989D8E1D1A23DA006B0EFE /* GBRequestMethod.m in Sources */,
				69989D891D1A23DA006B0EFE /* GBLogger.m in Sources */,
				69989D8F1D1A23DA006B0EFE /* GBUrlIntent.m in Sources */,
				178C322E1D167E9000F913CB /* GPImageButton.m in Sources */,
				69989D861D1A23DA006B0EFE /* GBHttpUtils.m in Sources */,
				178C32291D167E9000F913CB /* GPButtonType.m in Sources */,
				69989D7C1D1A23D9006B0EFE /* GBContentType.m in Sources */,
				178C323D1D167E9000F913CB /* GPSwipeMessage.m in Sources */,
				69989D7F1D1A23DA006B0EFE /* GBDateUtils.m in Sources */,
				178C323B1D167E9000F913CB /* GPScreenButton.m in Sources */,
				69989D811D1A23DA006B0EFE /* GBDomain.m in Sources */,
				69989D7E1D1A23D9006B0EFE /* GBCustomIntentHandler.m in Sources */,
				178C32401D167E9000F913CB /* GPSwipeMessageType.m in Sources */,
				178C322C1D167E9000F913CB /* GPEnvironmentUtils.m in Sources */,
				17BA62711D1FDB1A00BBFE69 /* GPNoContentMessage.m in Sources */,
				178C32361D167E9000F913CB /* GPOS.m in Sources */,
				178C32301D167E9000F913CB /* GPCardMessageHandler.m in Sources */,
				69989D8D1D1A23DA006B0EFE /* GBPreference.m in Sources */,
				178C322F1D167E9000F913CB /* GPCardMessage.m in Sources */,
				178C32411D167E9000F913CB /* GPTag.m in Sources */,
				178C323C1D167E9000F913CB /* GPSwipeImages.m in Sources */,
				178C323E1D167E9000F913CB /* GPSwipeMessageHandler.m in Sources */,
				69989D841D1A23DA006B0EFE /* GBHttpRequest.m in Sources */,
				69989D7A1D1A23D9006B0EFE /* GBApplication.m in Sources */,
				69989BAC1D18E230006B0EFE /* GPShowMessageHandler.m in Sources */,
				69989D871D1A23DA006B0EFE /* GBIntent.m in Sources */,
				69989D8A1D1A23DA006B0EFE /* GBMultipartFile.m in Sources */,
				69989D881D1A23DA006B0EFE /* GBIntentType.m in Sources */,
				178C323A1D167E9000F913CB /* GPPlainMessageHandler.m in Sources */,
				69989D911D1A23DA006B0EFE /* GBViewUtils.m in Sources */,
				178C32371D167E9000F913CB /* GPPicture.m in Sources */,
				178C322A1D167E9000F913CB /* GPClient.m in Sources */,
				69989D3D1D190CCB006B0EFE /* GPTagType.m in Sources */,
				178C32351D167E9000F913CB /* GPMessageType.m in Sources */,
				178C32381D167E9000F913CB /* GPPlainButton.m in Sources */,
				69989D921D1A23DA006B0EFE /* Growthbeat.m in Sources */,
				178C323F1D167E9000F913CB /* GPSwipeMessageRenderer.m in Sources */,
			);
			runOnlyForDeploymentPostprocessing = 0;
		};
/* End PBXSourcesBuildPhase section */

/* Begin PBXTargetDependency section */
		B275A7081A0C45AC0050510A /* PBXTargetDependency */ = {
			isa = PBXTargetDependency;
			target = B2ED14161A0C451E0078F6BC /* Growthbeat */;
			targetProxy = B275A7071A0C45AC0050510A /* PBXContainerItemProxy */;
		};
/* End PBXTargetDependency section */

/* Begin XCBuildConfiguration section */
		B275A7051A0C45A50050510A /* Debug */ = {
			isa = XCBuildConfiguration;
			buildSettings = {
				DEPLOYMENT_POSTPROCESSING = YES;
				PRODUCT_NAME = "$(TARGET_NAME)";
			};
			name = Debug;
		};
		B275A7061A0C45A50050510A /* Release */ = {
			isa = XCBuildConfiguration;
			buildSettings = {
				DEPLOYMENT_POSTPROCESSING = YES;
				PRODUCT_NAME = "$(TARGET_NAME)";
			};
			name = Release;
		};
		B2ED14291A0C451E0078F6BC /* Debug */ = {
			isa = XCBuildConfiguration;
			buildSettings = {
				ALWAYS_SEARCH_USER_PATHS = NO;
				CLANG_CXX_LANGUAGE_STANDARD = "gnu++0x";
				CLANG_CXX_LIBRARY = "libc++";
				CLANG_ENABLE_MODULES = NO;
				CLANG_ENABLE_OBJC_ARC = YES;
				CLANG_WARN_BOOL_CONVERSION = YES;
				CLANG_WARN_CONSTANT_CONVERSION = YES;
				CLANG_WARN_DIRECT_OBJC_ISA_USAGE = YES_ERROR;
				CLANG_WARN_EMPTY_BODY = YES;
				CLANG_WARN_ENUM_CONVERSION = YES;
				CLANG_WARN_INT_CONVERSION = YES;
				CLANG_WARN_OBJC_ROOT_CLASS = YES_ERROR;
				CLANG_WARN_UNREACHABLE_CODE = YES;
				CLANG_WARN__DUPLICATE_METHOD_MATCH = YES;
				COPY_PHASE_STRIP = NO;
				DEBUG_INFORMATION_FORMAT = dwarf;
				DEPLOYMENT_POSTPROCESSING = YES;
				ENABLE_BITCODE = YES;
				ENABLE_STRICT_OBJC_MSGSEND = YES;
				FRAMEWORK_VERSION = 1.2.7;
				GCC_C_LANGUAGE_STANDARD = gnu99;
				GCC_DYNAMIC_NO_PIC = NO;
				GCC_GENERATE_DEBUGGING_SYMBOLS = NO;
				GCC_OPTIMIZATION_LEVEL = 0;
				GCC_PREPROCESSOR_DEFINITIONS = (
					"DEBUG=1",
					"$(inherited)",
				);
				GCC_SYMBOLS_PRIVATE_EXTERN = YES;
				GCC_WARN_64_TO_32_BIT_CONVERSION = YES;
				GCC_WARN_ABOUT_RETURN_TYPE = YES_ERROR;
				GCC_WARN_UNDECLARED_SELECTOR = YES;
				GCC_WARN_UNINITIALIZED_AUTOS = YES_AGGRESSIVE;
				GCC_WARN_UNUSED_FUNCTION = YES;
				GCC_WARN_UNUSED_VARIABLE = YES;
				IPHONEOS_DEPLOYMENT_TARGET = 5.0;
				MTL_ENABLE_DEBUG_INFO = YES;
				ONLY_ACTIVE_ARCH = NO;
				SDKROOT = iphoneos;
				VALID_ARCHS = "arm64 armv7 armv7s x86_64 i386";
			};
			name = Debug;
		};
		B2ED142A1A0C451E0078F6BC /* Release */ = {
			isa = XCBuildConfiguration;
			buildSettings = {
				ALWAYS_SEARCH_USER_PATHS = NO;
				CLANG_CXX_LANGUAGE_STANDARD = "gnu++0x";
				CLANG_CXX_LIBRARY = "libc++";
				CLANG_ENABLE_MODULES = NO;
				CLANG_ENABLE_OBJC_ARC = YES;
				CLANG_WARN_BOOL_CONVERSION = YES;
				CLANG_WARN_CONSTANT_CONVERSION = YES;
				CLANG_WARN_DIRECT_OBJC_ISA_USAGE = YES_ERROR;
				CLANG_WARN_EMPTY_BODY = YES;
				CLANG_WARN_ENUM_CONVERSION = YES;
				CLANG_WARN_INT_CONVERSION = YES;
				CLANG_WARN_OBJC_ROOT_CLASS = YES_ERROR;
				CLANG_WARN_UNREACHABLE_CODE = YES;
				CLANG_WARN__DUPLICATE_METHOD_MATCH = YES;
				COPY_PHASE_STRIP = YES;
				DEBUG_INFORMATION_FORMAT = dwarf;
				DEPLOYMENT_POSTPROCESSING = YES;
				ENABLE_BITCODE = YES;
				ENABLE_NS_ASSERTIONS = NO;
				ENABLE_STRICT_OBJC_MSGSEND = YES;
				FRAMEWORK_VERSION = 1.2.7;
				GCC_C_LANGUAGE_STANDARD = gnu99;
				GCC_GENERATE_DEBUGGING_SYMBOLS = NO;
				GCC_SYMBOLS_PRIVATE_EXTERN = YES;
				GCC_WARN_64_TO_32_BIT_CONVERSION = YES;
				GCC_WARN_ABOUT_RETURN_TYPE = YES_ERROR;
				GCC_WARN_UNDECLARED_SELECTOR = YES;
				GCC_WARN_UNINITIALIZED_AUTOS = YES_AGGRESSIVE;
				GCC_WARN_UNUSED_FUNCTION = YES;
				GCC_WARN_UNUSED_VARIABLE = YES;
				IPHONEOS_DEPLOYMENT_TARGET = 5.0;
				MTL_ENABLE_DEBUG_INFO = NO;
				ONLY_ACTIVE_ARCH = NO;
				SDKROOT = iphoneos;
				VALIDATE_PRODUCT = YES;
				VALID_ARCHS = "arm64 armv7 armv7s x86_64 i386";
			};
			name = Release;
		};
		B2ED142C1A0C451E0078F6BC /* Debug */ = {
			isa = XCBuildConfiguration;
			buildSettings = {
				ENABLE_BITCODE = YES;
				FRAMEWORK_VERSION = 1.2.7;
				OTHER_CFLAGS = "";
				OTHER_LDFLAGS = "-ObjC";
				PRODUCT_NAME = "$(TARGET_NAME)";
				PUBLIC_HEADERS_FOLDER_PATH = "include/$(PRODUCT_NAME)";
				SKIP_INSTALL = YES;
			};
			name = Debug;
		};
		B2ED142D1A0C451E0078F6BC /* Release */ = {
			isa = XCBuildConfiguration;
			buildSettings = {
				ENABLE_BITCODE = YES;
				FRAMEWORK_VERSION = 1.2.7;
				OTHER_CFLAGS = "";
				OTHER_LDFLAGS = "-ObjC";
				PRODUCT_NAME = "$(TARGET_NAME)";
				PUBLIC_HEADERS_FOLDER_PATH = "include/$(PRODUCT_NAME)";
				SKIP_INSTALL = YES;
			};
			name = Release;
		};
/* End XCBuildConfiguration section */

/* Begin XCConfigurationList section */
		B275A7041A0C45A50050510A /* Build configuration list for PBXAggregateTarget "GrowthbeatFramework" */ = {
			isa = XCConfigurationList;
			buildConfigurations = (
				B275A7051A0C45A50050510A /* Debug */,
				B275A7061A0C45A50050510A /* Release */,
			);
			defaultConfigurationIsVisible = 0;
			defaultConfigurationName = Release;
		};
		B2ED14121A0C451E0078F6BC /* Build configuration list for PBXProject "Growthbeat" */ = {
			isa = XCConfigurationList;
			buildConfigurations = (
				B2ED14291A0C451E0078F6BC /* Debug */,
				B2ED142A1A0C451E0078F6BC /* Release */,
			);
			defaultConfigurationIsVisible = 0;
			defaultConfigurationName = Release;
		};
		B2ED142B1A0C451E0078F6BC /* Build configuration list for PBXNativeTarget "Growthbeat" */ = {
			isa = XCConfigurationList;
			buildConfigurations = (
				B2ED142C1A0C451E0078F6BC /* Debug */,
				B2ED142D1A0C451E0078F6BC /* Release */,
			);
			defaultConfigurationIsVisible = 0;
			defaultConfigurationName = Release;
		};
/* End XCConfigurationList section */
	};
	rootObject = B2ED140F1A0C451E0078F6BC /* Project object */;
}
